// !$*UTF8*$!
{
	archiveVersion = 1;
	classes = {
	};
	objectVersion = 46;
	objects = {
/* Begin PBXBuildFile section */
		00C302E51ABCBA2D00DB3ED1 /* libRCTActionSheet.a in Frameworks */ = {isa = PBXBuildFile; fileRef = 00C302AC1ABCB8CE00DB3ED1 /* libRCTActionSheet.a */; };
		00C302E71ABCBA2D00DB3ED1 /* libRCTGeolocation.a in Frameworks */ = {isa = PBXBuildFile; fileRef = 00C302BA1ABCB90400DB3ED1 /* libRCTGeolocation.a */; };
		00C302E81ABCBA2D00DB3ED1 /* libRCTImage.a in Frameworks */ = {isa = PBXBuildFile; fileRef = 00C302C01ABCB91800DB3ED1 /* libRCTImage.a */; };
		00C302E91ABCBA2D00DB3ED1 /* libRCTNetwork.a in Frameworks */ = {isa = PBXBuildFile; fileRef = 00C302DC1ABCB9D200DB3ED1 /* libRCTNetwork.a */; };
		00C302EA1ABCBA2D00DB3ED1 /* libRCTVibration.a in Frameworks */ = {isa = PBXBuildFile; fileRef = 00C302E41ABCB9EE00DB3ED1 /* libRCTVibration.a */; };
		00E356F31AD99517003FC87E /* AttenderTests.m in Sources */ = {isa = PBXBuildFile; fileRef = 00E356F21AD99517003FC87E /* AttenderTests.m */; };
		133E29F31AD74F7200F7D852 /* libRCTLinking.a in Frameworks */ = {isa = PBXBuildFile; fileRef = 78C398B91ACF4ADC00677621 /* libRCTLinking.a */; };
		139105C61AF99C1200B5F7CC /* libRCTSettings.a in Frameworks */ = {isa = PBXBuildFile; fileRef = 139105C11AF99BAD00B5F7CC /* libRCTSettings.a */; };
		139FDEF61B0652A700C62182 /* libRCTWebSocket.a in Frameworks */ = {isa = PBXBuildFile; fileRef = 139FDEF41B06529B00C62182 /* libRCTWebSocket.a */; };
		13B07FBC1A68108700A75B9A /* AppDelegate.m in Sources */ = {isa = PBXBuildFile; fileRef = 13B07FB01A68108700A75B9A /* AppDelegate.m */; };
		13B07FBD1A68108700A75B9A /* LaunchScreen.xib in Resources */ = {isa = PBXBuildFile; fileRef = 13B07FB11A68108700A75B9A /* LaunchScreen.xib */; };
		13B07FBF1A68108700A75B9A /* Images.xcassets in Resources */ = {isa = PBXBuildFile; fileRef = 13B07FB51A68108700A75B9A /* Images.xcassets */; };
		13B07FC11A68108700A75B9A /* main.m in Sources */ = {isa = PBXBuildFile; fileRef = 13B07FB71A68108700A75B9A /* main.m */; };
		140ED2AC1D01E1AD002B40FF /* libReact.a in Frameworks */ = {isa = PBXBuildFile; fileRef = 146834041AC3E56700842450 /* libReact.a */; };
		146834051AC3E58100842450 /* libReact.a in Frameworks */ = {isa = PBXBuildFile; fileRef = 146834041AC3E56700842450 /* libReact.a */; };
		1A963123D8F64F77A57F01A5 /* EvilIcons.ttf in Resources */ = {isa = PBXBuildFile; fileRef = 000DF96327FA458AA7F86F01 /* EvilIcons.ttf */; };
		2F4521421B7B461AA4193FF2 /* Ionicons.ttf in Resources */ = {isa = PBXBuildFile; fileRef = 67EC357E4A57405D8271BBCC /* Ionicons.ttf */; };
		303BC60F08A14BA49D5C04B7 /* libz.tbd in Frameworks */ = {isa = PBXBuildFile; fileRef = 1AB2E5D461C549A6A85F1DC9 /* libz.tbd */; };
		309AEC32740A47AD8A1FCA3B /* MaterialIcons.ttf in Resources */ = {isa = PBXBuildFile; fileRef = 8967630621334901B56D3A75 /* MaterialIcons.ttf */; };
		34E0C9CEDCB349819787A6E6 /* libRNVectorIcons.a in Frameworks */ = {isa = PBXBuildFile; fileRef = 489223EFDD53422697172EFD /* libRNVectorIcons.a */; };
		46A659C98BAB4B698E4DDACA /* SystemConfiguration.framework in Frameworks */ = {isa = PBXBuildFile; fileRef = 84EBDAEF1B9E48E4A87E2147 /* SystemConfiguration.framework */; };
		4F432297B21B409CB67EAC6D /* SimpleLineIcons.ttf in Resources */ = {isa = PBXBuildFile; fileRef = BF11F132A42641E4AE1027D8 /* SimpleLineIcons.ttf */; };
		5185A689FC6E450DA5279114 /* Entypo.ttf in Resources */ = {isa = PBXBuildFile; fileRef = C4AE9F42718D416DB43085F5 /* Entypo.ttf */; };
		5BA165E7B6B04DFD9E2CA86C /* Foundation.ttf in Resources */ = {isa = PBXBuildFile; fileRef = 1B7E0DB35CC44122A28AD859 /* Foundation.ttf */; };
		5E9157361DD0AC6A00FF2AA8 /* libRCTAnimation.a in Frameworks */ = {isa = PBXBuildFile; fileRef = 5E9157331DD0AC6500FF2AA8 /* libRCTAnimation.a */; };
		5E9B12755B0E43C8AD7152BE /* FontAwesome.ttf in Resources */ = {isa = PBXBuildFile; fileRef = BF6027C11C264AE5A8470331 /* FontAwesome.ttf */; };
		67A463D294D5408DB10F8446 /* libAirMaps.a in Frameworks */ = {isa = PBXBuildFile; fileRef = 0C679842310D4863B6C24224 /* libAirMaps.a */; };
		708129B7025D4790BD19DBB7 /* MaterialCommunityIcons.ttf in Resources */ = {isa = PBXBuildFile; fileRef = DBED373669034509AC31FDD7 /* MaterialCommunityIcons.ttf */; };
		7FA6833EFF6C41F7A4197034 /* libRCTFBSDK.a in Frameworks */ = {isa = PBXBuildFile; fileRef = E13D3BED6E8F40D597240697 /* libRCTFBSDK.a */; };
		832341BD1AAA6AB300B99B32 /* libRCTText.a in Frameworks */ = {isa = PBXBuildFile; fileRef = 832341B51AAA6A8300B99B32 /* libRCTText.a */; };
		8B3D74E81FA8994D00647AB5 /* FBSDKCoreKit.framework in Frameworks */ = {isa = PBXBuildFile; fileRef = 8B3D74E71FA8994D00647AB5 /* FBSDKCoreKit.framework */; };
		8B3D74EA1FA8995700647AB5 /* FBSDKLoginKit.framework in Frameworks */ = {isa = PBXBuildFile; fileRef = 8B3D74E91FA8995700647AB5 /* FBSDKLoginKit.framework */; };
		8B3D74EC1FA8996400647AB5 /* FBSDKShareKit.framework in Frameworks */ = {isa = PBXBuildFile; fileRef = 8B3D74EB1FA8996400647AB5 /* FBSDKShareKit.framework */; };
		8B3D74EE1FA8997700647AB5 /* Bolts.framework in Frameworks */ = {isa = PBXBuildFile; fileRef = 8B3D74ED1FA8997700647AB5 /* Bolts.framework */; };
		8B5F470C1FB45C2700F1D793 /* libRCTPushNotification.a in Frameworks */ = {isa = PBXBuildFile; fileRef = 8B5F46EF1FB45C1900F1D793 /* libRCTPushNotification.a */; };
		8B606F6B1FA7282500F004B6 /* GoogleService-Info.plist in Resources */ = {isa = PBXBuildFile; fileRef = 8B606F6A1FA7282500F004B6 /* GoogleService-Info.plist */; };
		9131BF66361B4C43B8B8A345 /* AddressBook.framework in Frameworks */ = {isa = PBXBuildFile; fileRef = 908D3C405AC14CFEA5FFB44F /* AddressBook.framework */; };
		91A436E5154C43F7AC38C155 /* Octicons.ttf in Resources */ = {isa = PBXBuildFile; fileRef = F5CB3B9EAC30475AA55712F5 /* Octicons.ttf */; };
		98A64FD296834F13962EEC28 /* libRNImagePicker.a in Frameworks */ = {isa = PBXBuildFile; fileRef = 8E5DBB2F912846D6901C3945 /* libRNImagePicker.a */; };
		B0AEB3C86B004AB7BDD8823F /* libPods-Attender.a in Frameworks */ = {isa = PBXBuildFile; fileRef = 930F33DA22982CFCC9000C79 /* libPods-Attender.a */; };
		BB13F20311E8426FA28A7C5D /* libRNGeocoder.a in Frameworks */ = {isa = PBXBuildFile; fileRef = DED49C6483F34848829B45A6 /* libRNGeocoder.a */; };
		CB5A46860F38473CBFF62B5B /* libRNGoogleSignin.a in Frameworks */ = {isa = PBXBuildFile; fileRef = E1606799778049CCBCE6833F /* libRNGoogleSignin.a */; };
		E0C417C055684D898148E215 /* SafariServices.framework in Frameworks */ = {isa = PBXBuildFile; fileRef = 114042B7C8434048AB83401A /* SafariServices.framework */; };
		E991F16F58474B33BE60AD86 /* Zocial.ttf in Resources */ = {isa = PBXBuildFile; fileRef = D5768ECCF2DC4124B0A2E648 /* Zocial.ttf */; };
		F76BF236BB7A426D932C3AC2 /* libRCTActionSheet.a in Frameworks */ = {isa = PBXBuildFile; fileRef = 25225C331BF34E30AD8F8928 /* libRCTActionSheet.a */; };
		86D85678359540859768AACD /* AvenirNextLTPro-Bold.otf in Resources */ = {isa = PBXBuildFile; fileRef = 49938D2BAC1340CC86D441AF /* AvenirNextLTPro-Bold.otf */; };
		88088CEA4FDA46F794174541 /* AvenirNextLTPro-BoldCn.otf in Resources */ = {isa = PBXBuildFile; fileRef = D1C36851E3914CB8AC25C72E /* AvenirNextLTPro-BoldCn.otf */; };
		C129EE4D95E142059CA9A8AA /* AvenirNextLTPro-BoldCnIt.otf in Resources */ = {isa = PBXBuildFile; fileRef = 2BE4A45E5D094FA9BCB4BEC4 /* AvenirNextLTPro-BoldCnIt.otf */; };
		448F8A4504AC431A9F32747F /* AvenirNextLTPro-BoldIt.otf in Resources */ = {isa = PBXBuildFile; fileRef = 0E23B5CD2AD54EF983C34350 /* AvenirNextLTPro-BoldIt.otf */; };
		E7A42011A69C427CA46C3907 /* AvenirNextLTPro-Cn.otf in Resources */ = {isa = PBXBuildFile; fileRef = 960F2B6B544747C9801D716B /* AvenirNextLTPro-Cn.otf */; };
		313344AA6D1C47A09CF4C73F /* AvenirNextLTPro-CnIt.otf in Resources */ = {isa = PBXBuildFile; fileRef = BC9B2B142CAF4F67B18B524B /* AvenirNextLTPro-CnIt.otf */; };
		1839D4D03B3149BE9C374B46 /* AvenirNextLTPro-Demi.otf in Resources */ = {isa = PBXBuildFile; fileRef = E750FA507AD8496B9A5DDF26 /* AvenirNextLTPro-Demi.otf */; };
		60C4EB4BC4D143869654A51F /* AvenirNextLTPro-DemiCn.otf in Resources */ = {isa = PBXBuildFile; fileRef = B8942AC1D99544CFAA7111DC /* AvenirNextLTPro-DemiCn.otf */; };
		C135120BADF04BE7BE5EC062 /* AvenirNextLTPro-DemiCnIt.otf in Resources */ = {isa = PBXBuildFile; fileRef = D6A1E62312EC4C788911EA08 /* AvenirNextLTPro-DemiCnIt.otf */; };
		4E186A3A77194487887A3A12 /* AvenirNextLTPro-DemiIt.otf in Resources */ = {isa = PBXBuildFile; fileRef = C11DD34276F04F77B8D9903E /* AvenirNextLTPro-DemiIt.otf */; };
		9612F885FF0D4868A7C20C04 /* AvenirNextLTPro-Heavy.otf in Resources */ = {isa = PBXBuildFile; fileRef = B1B7CE44BAC8466FA4152A5F /* AvenirNextLTPro-Heavy.otf */; };
		BFB36227E1EB48758E3E4360 /* AvenirNextLTPro-HeavyCn.otf in Resources */ = {isa = PBXBuildFile; fileRef = 8F8DDDAF2C914028AA4A6C72 /* AvenirNextLTPro-HeavyCn.otf */; };
		AF67B74C2FC149F0A90F412D /* AvenirNextLTPro-HeavyCnIt.otf in Resources */ = {isa = PBXBuildFile; fileRef = 69FFF82DBECF4C11A46A5679 /* AvenirNextLTPro-HeavyCnIt.otf */; };
		8A805118B7B6496C825223A5 /* AvenirNextLTPro-HeavyIt.otf in Resources */ = {isa = PBXBuildFile; fileRef = 9833F9A66CF14CB49A752D73 /* AvenirNextLTPro-HeavyIt.otf */; };
		F784D61110BC403BAF15EFF2 /* AvenirNextLTPro-It.otf in Resources */ = {isa = PBXBuildFile; fileRef = F911D65115D04EF3B1DF98C6 /* AvenirNextLTPro-It.otf */; };
		1BD43E386E1B4F058644E1A5 /* AvenirNextLTPro-Medium.otf in Resources */ = {isa = PBXBuildFile; fileRef = 5DD88F3E29CC48AD93553A22 /* AvenirNextLTPro-Medium.otf */; };
		18D711C7A0B74A6F94284B46 /* AvenirNextLTPro-MediumCn.otf in Resources */ = {isa = PBXBuildFile; fileRef = AD418720415549A6AE6DAD92 /* AvenirNextLTPro-MediumCn.otf */; };
		DD47050366BD43888211EE40 /* AvenirNextLTPro-MediumCnIt.otf in Resources */ = {isa = PBXBuildFile; fileRef = E6890CF90FB047F995F2157A /* AvenirNextLTPro-MediumCnIt.otf */; };
		4D189AB9D9F840C7BB9207E0 /* AvenirNextLTPro-MediumIt.otf in Resources */ = {isa = PBXBuildFile; fileRef = 61E0859CAF60451594EEA300 /* AvenirNextLTPro-MediumIt.otf */; };
		D3698C7E246D47989A9E8223 /* AvenirNextLTPro-Regular.otf in Resources */ = {isa = PBXBuildFile; fileRef = D529A2CC0E3241FBB92C79CB /* AvenirNextLTPro-Regular.otf */; };
		6D203C7F09DE403C9CE26A81 /* AvenirNextLTPro-UltLt.otf in Resources */ = {isa = PBXBuildFile; fileRef = 97BA780B5DC1423DA2B9D125 /* AvenirNextLTPro-UltLt.otf */; };
		B7FCE3B3AB574E13B4225D7F /* AvenirNextLTPro-UltLtCn.otf in Resources */ = {isa = PBXBuildFile; fileRef = DFDB568FA6534C118FC69069 /* AvenirNextLTPro-UltLtCn.otf */; };
		292A636EE5EE40339DECC103 /* AvenirNextLTPro-UltLtCnIt.otf in Resources */ = {isa = PBXBuildFile; fileRef = FCC9EFA8F6E44CDC8B005238 /* AvenirNextLTPro-UltLtCnIt.otf */; };
		60140E158C39450A8789BBC9 /* AvenirNextLTPro-UltLtIt.otf in Resources */ = {isa = PBXBuildFile; fileRef = 4E5C385169E54A6B86D32EB4 /* AvenirNextLTPro-UltLtIt.otf */; };
/* End PBXBuildFile section */

/* Begin PBXContainerItemProxy section */
		00C302AB1ABCB8CE00DB3ED1 /* PBXContainerItemProxy */ = {
			isa = PBXContainerItemProxy;
			containerPortal = 00C302A71ABCB8CE00DB3ED1 /* RCTActionSheet.xcodeproj */;
			proxyType = 2;
			remoteGlobalIDString = 134814201AA4EA6300B7C361;
			remoteInfo = RCTActionSheet;
		};
		00C302B91ABCB90400DB3ED1 /* PBXContainerItemProxy */ = {
			isa = PBXContainerItemProxy;
			containerPortal = 00C302B51ABCB90400DB3ED1 /* RCTGeolocation.xcodeproj */;
			proxyType = 2;
			remoteGlobalIDString = 134814201AA4EA6300B7C361;
			remoteInfo = RCTGeolocation;
		};
		00C302BF1ABCB91800DB3ED1 /* PBXContainerItemProxy */ = {
			isa = PBXContainerItemProxy;
			containerPortal = 00C302BB1ABCB91800DB3ED1 /* RCTImage.xcodeproj */;
			proxyType = 2;
			remoteGlobalIDString = 58B5115D1A9E6B3D00147676;
			remoteInfo = RCTImage;
		};
		00C302DB1ABCB9D200DB3ED1 /* PBXContainerItemProxy */ = {
			isa = PBXContainerItemProxy;
			containerPortal = 00C302D31ABCB9D200DB3ED1 /* RCTNetwork.xcodeproj */;
			proxyType = 2;
			remoteGlobalIDString = 58B511DB1A9E6C8500147676;
			remoteInfo = RCTNetwork;
		};
		00C302E31ABCB9EE00DB3ED1 /* PBXContainerItemProxy */ = {
			isa = PBXContainerItemProxy;
			containerPortal = 00C302DF1ABCB9EE00DB3ED1 /* RCTVibration.xcodeproj */;
			proxyType = 2;
			remoteGlobalIDString = 832C81801AAF6DEF007FA2F7;
			remoteInfo = RCTVibration;
		};
		00E356F41AD99517003FC87E /* PBXContainerItemProxy */ = {
			isa = PBXContainerItemProxy;
			containerPortal = 83CBB9F71A601CBA00E9B192 /* Project object */;
			proxyType = 1;
			remoteGlobalIDString = 13B07F861A680F5B00A75B9A;
			remoteInfo = Attender;
		};
		139105C01AF99BAD00B5F7CC /* PBXContainerItemProxy */ = {
			isa = PBXContainerItemProxy;
			containerPortal = 139105B61AF99BAD00B5F7CC /* RCTSettings.xcodeproj */;
			proxyType = 2;
			remoteGlobalIDString = 134814201AA4EA6300B7C361;
			remoteInfo = RCTSettings;
		};
		139FDEF31B06529B00C62182 /* PBXContainerItemProxy */ = {
			isa = PBXContainerItemProxy;
			containerPortal = 139FDEE61B06529A00C62182 /* RCTWebSocket.xcodeproj */;
			proxyType = 2;
			remoteGlobalIDString = 3C86DF461ADF2C930047B81A;
			remoteInfo = RCTWebSocket;
		};
		146834031AC3E56700842450 /* PBXContainerItemProxy */ = {
			isa = PBXContainerItemProxy;
			containerPortal = 146833FF1AC3E56700842450 /* React.xcodeproj */;
			proxyType = 2;
			remoteGlobalIDString = 83CBBA2E1A601D0E00E9B192;
			remoteInfo = React;
		};
		3DAD3E831DF850E9000B6D8A /* PBXContainerItemProxy */ = {
			isa = PBXContainerItemProxy;
			containerPortal = 00C302BB1ABCB91800DB3ED1 /* RCTImage.xcodeproj */;
			proxyType = 2;
			remoteGlobalIDString = 2D2A283A1D9B042B00D4039D;
			remoteInfo = "RCTImage-tvOS";
		};
		3DAD3E871DF850E9000B6D8A /* PBXContainerItemProxy */ = {
			isa = PBXContainerItemProxy;
			containerPortal = 78C398B01ACF4ADC00677621 /* RCTLinking.xcodeproj */;
			proxyType = 2;
			remoteGlobalIDString = 2D2A28471D9B043800D4039D;
			remoteInfo = "RCTLinking-tvOS";
		};
		3DAD3E8B1DF850E9000B6D8A /* PBXContainerItemProxy */ = {
			isa = PBXContainerItemProxy;
			containerPortal = 00C302D31ABCB9D200DB3ED1 /* RCTNetwork.xcodeproj */;
			proxyType = 2;
			remoteGlobalIDString = 2D2A28541D9B044C00D4039D;
			remoteInfo = "RCTNetwork-tvOS";
		};
		3DAD3E8F1DF850E9000B6D8A /* PBXContainerItemProxy */ = {
			isa = PBXContainerItemProxy;
			containerPortal = 139105B61AF99BAD00B5F7CC /* RCTSettings.xcodeproj */;
			proxyType = 2;
			remoteGlobalIDString = 2D2A28611D9B046600D4039D;
			remoteInfo = "RCTSettings-tvOS";
		};
		3DAD3E931DF850E9000B6D8A /* PBXContainerItemProxy */ = {
			isa = PBXContainerItemProxy;
			containerPortal = 832341B01AAA6A8300B99B32 /* RCTText.xcodeproj */;
			proxyType = 2;
			remoteGlobalIDString = 2D2A287B1D9B048500D4039D;
			remoteInfo = "RCTText-tvOS";
		};
		3DAD3E981DF850E9000B6D8A /* PBXContainerItemProxy */ = {
			isa = PBXContainerItemProxy;
			containerPortal = 139FDEE61B06529A00C62182 /* RCTWebSocket.xcodeproj */;
			proxyType = 2;
			remoteGlobalIDString = 2D2A28881D9B049200D4039D;
			remoteInfo = "RCTWebSocket-tvOS";
		};
		3DAD3EA21DF850E9000B6D8A /* PBXContainerItemProxy */ = {
			isa = PBXContainerItemProxy;
			containerPortal = 146833FF1AC3E56700842450 /* React.xcodeproj */;
			proxyType = 2;
			remoteGlobalIDString = 2D2A28131D9B038B00D4039D;
			remoteInfo = "React-tvOS";
		};
		3DAD3EA41DF850E9000B6D8A /* PBXContainerItemProxy */ = {
			isa = PBXContainerItemProxy;
			containerPortal = 146833FF1AC3E56700842450 /* React.xcodeproj */;
			proxyType = 2;
			remoteGlobalIDString = 3D3C059A1DE3340900C268FA;
			remoteInfo = yoga;
		};
		3DAD3EA61DF850E9000B6D8A /* PBXContainerItemProxy */ = {
			isa = PBXContainerItemProxy;
			containerPortal = 146833FF1AC3E56700842450 /* React.xcodeproj */;
			proxyType = 2;
			remoteGlobalIDString = 3D3C06751DE3340C00C268FA;
			remoteInfo = "yoga-tvOS";
		};
		3DAD3EA81DF850E9000B6D8A /* PBXContainerItemProxy */ = {
			isa = PBXContainerItemProxy;
			containerPortal = 146833FF1AC3E56700842450 /* React.xcodeproj */;
			proxyType = 2;
			remoteGlobalIDString = 3D3CD9251DE5FBEC00167DC4;
			remoteInfo = cxxreact;
		};
		3DAD3EAA1DF850E9000B6D8A /* PBXContainerItemProxy */ = {
			isa = PBXContainerItemProxy;
			containerPortal = 146833FF1AC3E56700842450 /* React.xcodeproj */;
			proxyType = 2;
			remoteGlobalIDString = 3D3CD9321DE5FBEE00167DC4;
			remoteInfo = "cxxreact-tvOS";
		};
		3DAD3EAC1DF850E9000B6D8A /* PBXContainerItemProxy */ = {
			isa = PBXContainerItemProxy;
			containerPortal = 146833FF1AC3E56700842450 /* React.xcodeproj */;
			proxyType = 2;
			remoteGlobalIDString = 3D3CD90B1DE5FBD600167DC4;
			remoteInfo = jschelpers;
		};
		3DAD3EAE1DF850E9000B6D8A /* PBXContainerItemProxy */ = {
			isa = PBXContainerItemProxy;
			containerPortal = 146833FF1AC3E56700842450 /* React.xcodeproj */;
			proxyType = 2;
			remoteGlobalIDString = 3D3CD9181DE5FBD800167DC4;
			remoteInfo = "jschelpers-tvOS";
		};
		5E9157321DD0AC6500FF2AA8 /* PBXContainerItemProxy */ = {
			isa = PBXContainerItemProxy;
			containerPortal = 5E91572D1DD0AC6500FF2AA8 /* RCTAnimation.xcodeproj */;
			proxyType = 2;
			remoteGlobalIDString = 134814201AA4EA6300B7C361;
			remoteInfo = RCTAnimation;
		};
		5E9157341DD0AC6500FF2AA8 /* PBXContainerItemProxy */ = {
			isa = PBXContainerItemProxy;
			containerPortal = 5E91572D1DD0AC6500FF2AA8 /* RCTAnimation.xcodeproj */;
			proxyType = 2;
			remoteGlobalIDString = 2D2A28201D9B03D100D4039D;
			remoteInfo = "RCTAnimation-tvOS";
		};
		78C398B81ACF4ADC00677621 /* PBXContainerItemProxy */ = {
			isa = PBXContainerItemProxy;
			containerPortal = 78C398B01ACF4ADC00677621 /* RCTLinking.xcodeproj */;
			proxyType = 2;
			remoteGlobalIDString = 134814201AA4EA6300B7C361;
			remoteInfo = RCTLinking;
		};
		832341B41AAA6A8300B99B32 /* PBXContainerItemProxy */ = {
			isa = PBXContainerItemProxy;
			containerPortal = 832341B01AAA6A8300B99B32 /* RCTText.xcodeproj */;
			proxyType = 2;
			remoteGlobalIDString = 58B5119B1A9E6C1200147676;
			remoteInfo = RCTText;
		};
		8B3D74A31FA888BC00647AB5 /* PBXContainerItemProxy */ = {
			isa = PBXContainerItemProxy;
			containerPortal = 49CF451BDFD04AA1990B02A8 /* RCTFBSDK.xcodeproj */;
			proxyType = 2;
			remoteGlobalIDString = 9350E0F11CE3B0920041D815;
			remoteInfo = RCTFBSDK;
		};
		8B5F46EE1FB45C1900F1D793 /* PBXContainerItemProxy */ = {
			isa = PBXContainerItemProxy;
			containerPortal = 8B5F46DD1FB45C1900F1D793 /* RCTPushNotification.xcodeproj */;
			proxyType = 2;
			remoteGlobalIDString = 134814201AA4EA6300B7C361;
			remoteInfo = RCTPushNotification;
		};
		8B5F46F01FB45C1900F1D793 /* PBXContainerItemProxy */ = {
			isa = PBXContainerItemProxy;
			containerPortal = 8B5F46DD1FB45C1900F1D793 /* RCTPushNotification.xcodeproj */;
			proxyType = 2;
			remoteGlobalIDString = 3D05745F1DE6004600184BB4;
			remoteInfo = "RCTPushNotification-tvOS";
		};
		8B606F481FA6F9BF00F004B6 /* PBXContainerItemProxy */ = {
			isa = PBXContainerItemProxy;
			containerPortal = ECFFC68A07A94AF59289E8A7 /* RNGoogleSignin.xcodeproj */;
			proxyType = 2;
			remoteGlobalIDString = 9FD355121D3E4A2900D06170;
			remoteInfo = RNGoogleSignin;
		};
		8B9F32C81F4EAA4F005D25FB /* PBXContainerItemProxy */ = {
			isa = PBXContainerItemProxy;
			containerPortal = 146833FF1AC3E56700842450 /* React.xcodeproj */;
			proxyType = 2;
			remoteGlobalIDString = 139D7ECE1E25DB7D00323FB7;
			remoteInfo = "third-party";
		};
		8B9F32CA1F4EAA4F005D25FB /* PBXContainerItemProxy */ = {
			isa = PBXContainerItemProxy;
			containerPortal = 146833FF1AC3E56700842450 /* React.xcodeproj */;
			proxyType = 2;
			remoteGlobalIDString = 3D383D3C1EBD27B6005632C8;
			remoteInfo = "third-party-tvOS";
		};
		8B9F32CC1F4EAA4F005D25FB /* PBXContainerItemProxy */ = {
			isa = PBXContainerItemProxy;
			containerPortal = 146833FF1AC3E56700842450 /* React.xcodeproj */;
			proxyType = 2;
			remoteGlobalIDString = 139D7E881E25C6D100323FB7;
			remoteInfo = "double-conversion";
		};
		8B9F32CE1F4EAA4F005D25FB /* PBXContainerItemProxy */ = {
			isa = PBXContainerItemProxy;
			containerPortal = 146833FF1AC3E56700842450 /* React.xcodeproj */;
			proxyType = 2;
			remoteGlobalIDString = 3D383D621EBD27B9005632C8;
			remoteInfo = "double-conversion-tvOS";
		};
		8B9F33061F4EB4E0005D25FB /* PBXContainerItemProxy */ = {
			isa = PBXContainerItemProxy;
			containerPortal = 2C74889DD86C4EF693301703 /* RNGeocoder.xcodeproj */;
			proxyType = 2;
			remoteGlobalIDString = BF8FCF941BFFB184000FCD37;
			remoteInfo = RNGeocoder;
		};
		8B9F33101F4EB4E0005D25FB /* PBXContainerItemProxy */ = {
			isa = PBXContainerItemProxy;
			containerPortal = 06A4B6A34D2E4AF49F1CAC1D /* RNImagePicker.xcodeproj */;
			proxyType = 2;
			remoteGlobalIDString = 014A3B5C1C6CF33500B6D375;
			remoteInfo = RNImagePicker;
		};
		8B9F33161F4EB4E0005D25FB /* PBXContainerItemProxy */ = {
			isa = PBXContainerItemProxy;
			containerPortal = 5B7F895AEBD643268D3B44B8 /* Slider.xcodeproj */;
			proxyType = 2;
			remoteGlobalIDString = 13B07F961A680F5B00A75B9A;
			remoteInfo = Slider;
		};
		8B9F33181F4EB4E0005D25FB /* PBXContainerItemProxy */ = {
			isa = PBXContainerItemProxy;
			containerPortal = 5B7F895AEBD643268D3B44B8 /* Slider.xcodeproj */;
			proxyType = 2;
			remoteGlobalIDString = 00E356EE1AD99517003FC87E;
			remoteInfo = SliderTests;
		};
		8B9F331D1F4EB4E0005D25FB /* PBXContainerItemProxy */ = {
			isa = PBXContainerItemProxy;
			containerPortal = 0D9ACD6C407C47AD8EA9CCAE /* RNVectorIcons.xcodeproj */;
			proxyType = 2;
			remoteGlobalIDString = 5DBEB1501B18CEA900B34395;
			remoteInfo = RNVectorIcons;
		};
		8BF2815E1F7C19D800EB4BEA /* PBXContainerItemProxy */ = {
			isa = PBXContainerItemProxy;
			containerPortal = 1313EBB762B04BE298010CBD /* AirMaps.xcodeproj */;
			proxyType = 2;
			remoteGlobalIDString = 11FA5C511C4A1296003AC2EE;
			remoteInfo = AirMaps;
		};
/* End PBXContainerItemProxy section */

/* Begin PBXFileReference section */
		000DF96327FA458AA7F86F01 /* EvilIcons.ttf */ = {isa = PBXFileReference; explicitFileType = undefined; fileEncoding = 9; includeInIndex = 0; lastKnownFileType = unknown; name = EvilIcons.ttf; path = "../node_modules/react-native-vector-icons/Fonts/EvilIcons.ttf"; sourceTree = "<group>"; };
		008F07F21AC5B25A0029DE68 /* main.jsbundle */ = {isa = PBXFileReference; fileEncoding = 4; lastKnownFileType = text; path = main.jsbundle; sourceTree = "<group>"; };
		00C302A71ABCB8CE00DB3ED1 /* RCTActionSheet.xcodeproj */ = {isa = PBXFileReference; lastKnownFileType = "wrapper.pb-project"; name = RCTActionSheet.xcodeproj; path = "../node_modules/react-native/Libraries/ActionSheetIOS/RCTActionSheet.xcodeproj"; sourceTree = "<group>"; };
		00C302B51ABCB90400DB3ED1 /* RCTGeolocation.xcodeproj */ = {isa = PBXFileReference; lastKnownFileType = "wrapper.pb-project"; name = RCTGeolocation.xcodeproj; path = "../node_modules/react-native/Libraries/Geolocation/RCTGeolocation.xcodeproj"; sourceTree = "<group>"; };
		00C302BB1ABCB91800DB3ED1 /* RCTImage.xcodeproj */ = {isa = PBXFileReference; lastKnownFileType = "wrapper.pb-project"; name = RCTImage.xcodeproj; path = "../node_modules/react-native/Libraries/Image/RCTImage.xcodeproj"; sourceTree = "<group>"; };
		00C302D31ABCB9D200DB3ED1 /* RCTNetwork.xcodeproj */ = {isa = PBXFileReference; lastKnownFileType = "wrapper.pb-project"; name = RCTNetwork.xcodeproj; path = "../node_modules/react-native/Libraries/Network/RCTNetwork.xcodeproj"; sourceTree = "<group>"; };
		00C302DF1ABCB9EE00DB3ED1 /* RCTVibration.xcodeproj */ = {isa = PBXFileReference; lastKnownFileType = "wrapper.pb-project"; name = RCTVibration.xcodeproj; path = "../node_modules/react-native/Libraries/Vibration/RCTVibration.xcodeproj"; sourceTree = "<group>"; };
		00E356EE1AD99517003FC87E /* AttenderTests.xctest */ = {isa = PBXFileReference; explicitFileType = wrapper.cfbundle; includeInIndex = 0; path = AttenderTests.xctest; sourceTree = BUILT_PRODUCTS_DIR; };
		00E356F11AD99517003FC87E /* Info.plist */ = {isa = PBXFileReference; lastKnownFileType = text.plist.xml; path = Info.plist; sourceTree = "<group>"; };
		00E356F21AD99517003FC87E /* AttenderTests.m */ = {isa = PBXFileReference; lastKnownFileType = sourcecode.c.objc; path = AttenderTests.m; sourceTree = "<group>"; };
		06A4B6A34D2E4AF49F1CAC1D /* RNImagePicker.xcodeproj */ = {isa = PBXFileReference; explicitFileType = undefined; fileEncoding = 9; includeInIndex = 0; lastKnownFileType = "wrapper.pb-project"; name = RNImagePicker.xcodeproj; path = "../node_modules/react-native-image-picker/ios/RNImagePicker.xcodeproj"; sourceTree = "<group>"; };
		0B72BDDB1BD342039528AEFD /* Feather.ttf */ = {isa = PBXFileReference; explicitFileType = undefined; fileEncoding = 9; includeInIndex = 0; lastKnownFileType = unknown; name = Feather.ttf; path = "../node_modules/react-native-vector-icons/Fonts/Feather.ttf"; sourceTree = "<group>"; };
		0C679842310D4863B6C24224 /* libAirMaps.a */ = {isa = PBXFileReference; explicitFileType = undefined; fileEncoding = 9; includeInIndex = 0; lastKnownFileType = archive.ar; path = libAirMaps.a; sourceTree = "<group>"; };
		0D9ACD6C407C47AD8EA9CCAE /* RNVectorIcons.xcodeproj */ = {isa = PBXFileReference; explicitFileType = undefined; fileEncoding = 9; includeInIndex = 0; lastKnownFileType = "wrapper.pb-project"; name = RNVectorIcons.xcodeproj; path = "../node_modules/react-native-vector-icons/RNVectorIcons.xcodeproj"; sourceTree = "<group>"; };
		114042B7C8434048AB83401A /* SafariServices.framework */ = {isa = PBXFileReference; explicitFileType = undefined; fileEncoding = 9; includeInIndex = 0; lastKnownFileType = wrapper.framework; name = SafariServices.framework; path = System/Library/Frameworks/SafariServices.framework; sourceTree = SDKROOT; };
		1313EBB762B04BE298010CBD /* AirMaps.xcodeproj */ = {isa = PBXFileReference; explicitFileType = undefined; fileEncoding = 9; includeInIndex = 0; lastKnownFileType = "wrapper.pb-project"; name = AirMaps.xcodeproj; path = "../node_modules/react-native-maps/lib/ios/AirMaps.xcodeproj"; sourceTree = "<group>"; };
		139105B61AF99BAD00B5F7CC /* RCTSettings.xcodeproj */ = {isa = PBXFileReference; lastKnownFileType = "wrapper.pb-project"; name = RCTSettings.xcodeproj; path = "../node_modules/react-native/Libraries/Settings/RCTSettings.xcodeproj"; sourceTree = "<group>"; };
		139FDEE61B06529A00C62182 /* RCTWebSocket.xcodeproj */ = {isa = PBXFileReference; lastKnownFileType = "wrapper.pb-project"; name = RCTWebSocket.xcodeproj; path = "../node_modules/react-native/Libraries/WebSocket/RCTWebSocket.xcodeproj"; sourceTree = "<group>"; };
		13B07F961A680F5B00A75B9A /* Attender.app */ = {isa = PBXFileReference; explicitFileType = wrapper.application; includeInIndex = 0; path = Attender.app; sourceTree = BUILT_PRODUCTS_DIR; };
		13B07FAF1A68108700A75B9A /* AppDelegate.h */ = {isa = PBXFileReference; fileEncoding = 4; lastKnownFileType = sourcecode.c.h; name = AppDelegate.h; path = Attender/AppDelegate.h; sourceTree = "<group>"; };
		13B07FB01A68108700A75B9A /* AppDelegate.m */ = {isa = PBXFileReference; fileEncoding = 4; lastKnownFileType = sourcecode.c.objc; name = AppDelegate.m; path = Attender/AppDelegate.m; sourceTree = "<group>"; };
		13B07FB21A68108700A75B9A /* Base */ = {isa = PBXFileReference; lastKnownFileType = file.xib; name = Base; path = Base.lproj/LaunchScreen.xib; sourceTree = "<group>"; };
		13B07FB51A68108700A75B9A /* Images.xcassets */ = {isa = PBXFileReference; lastKnownFileType = folder.assetcatalog; name = Images.xcassets; path = Attender/Images.xcassets; sourceTree = "<group>"; };
		13B07FB61A68108700A75B9A /* Info.plist */ = {isa = PBXFileReference; fileEncoding = 4; lastKnownFileType = text.plist.xml; name = Info.plist; path = Attender/Info.plist; sourceTree = "<group>"; };
		13B07FB71A68108700A75B9A /* main.m */ = {isa = PBXFileReference; fileEncoding = 4; lastKnownFileType = sourcecode.c.objc; name = main.m; path = Attender/main.m; sourceTree = "<group>"; };
		146833FF1AC3E56700842450 /* React.xcodeproj */ = {isa = PBXFileReference; lastKnownFileType = "wrapper.pb-project"; name = React.xcodeproj; path = "../node_modules/react-native/React/React.xcodeproj"; sourceTree = "<group>"; };
		1AB2E5D461C549A6A85F1DC9 /* libz.tbd */ = {isa = PBXFileReference; explicitFileType = undefined; fileEncoding = 9; includeInIndex = 0; lastKnownFileType = "sourcecode.text-based-dylib-definition"; name = libz.tbd; path = usr/lib/libz.tbd; sourceTree = SDKROOT; };
		1B7E0DB35CC44122A28AD859 /* Foundation.ttf */ = {isa = PBXFileReference; explicitFileType = undefined; fileEncoding = 9; includeInIndex = 0; lastKnownFileType = unknown; name = Foundation.ttf; path = "../node_modules/react-native-vector-icons/Fonts/Foundation.ttf"; sourceTree = "<group>"; };
		25225C331BF34E30AD8F8928 /* libRCTActionSheet.a */ = {isa = PBXFileReference; explicitFileType = undefined; fileEncoding = 9; includeInIndex = 0; lastKnownFileType = archive.ar; path = libRCTActionSheet.a; sourceTree = "<group>"; };
		2C74889DD86C4EF693301703 /* RNGeocoder.xcodeproj */ = {isa = PBXFileReference; explicitFileType = undefined; fileEncoding = 9; includeInIndex = 0; lastKnownFileType = "wrapper.pb-project"; name = RNGeocoder.xcodeproj; path = "../node_modules/react-native-geocoder/ios/RNGeocoder.xcodeproj"; sourceTree = "<group>"; };
		489223EFDD53422697172EFD /* libRNVectorIcons.a */ = {isa = PBXFileReference; explicitFileType = undefined; fileEncoding = 9; includeInIndex = 0; lastKnownFileType = archive.ar; path = libRNVectorIcons.a; sourceTree = "<group>"; };
		49CF451BDFD04AA1990B02A8 /* RCTFBSDK.xcodeproj */ = {isa = PBXFileReference; explicitFileType = undefined; fileEncoding = 9; includeInIndex = 0; lastKnownFileType = "wrapper.pb-project"; name = RCTFBSDK.xcodeproj; path = "../node_modules/react-native-fbsdk/ios/RCTFBSDK.xcodeproj"; sourceTree = "<group>"; };
		51A765CD35B63E42CC30B2D1 /* Pods-Attender.debug.xcconfig */ = {isa = PBXFileReference; includeInIndex = 1; lastKnownFileType = text.xcconfig; name = "Pods-Attender.debug.xcconfig"; path = "Pods/Target Support Files/Pods-Attender/Pods-Attender.debug.xcconfig"; sourceTree = "<group>"; };
		5B7F895AEBD643268D3B44B8 /* Slider.xcodeproj */ = {isa = PBXFileReference; explicitFileType = undefined; fileEncoding = 9; includeInIndex = 0; lastKnownFileType = "wrapper.pb-project"; name = Slider.xcodeproj; path = "../node_modules/react-native-multi-slider/iOS/Slider.xcodeproj"; sourceTree = "<group>"; };
		5E91572D1DD0AC6500FF2AA8 /* RCTAnimation.xcodeproj */ = {isa = PBXFileReference; lastKnownFileType = "wrapper.pb-project"; name = RCTAnimation.xcodeproj; path = "../node_modules/react-native/Libraries/NativeAnimation/RCTAnimation.xcodeproj"; sourceTree = "<group>"; };
		6664BFE21A81A72A7C8735D3 /* Pods-Attender.release.xcconfig */ = {isa = PBXFileReference; includeInIndex = 1; lastKnownFileType = text.xcconfig; name = "Pods-Attender.release.xcconfig"; path = "Pods/Target Support Files/Pods-Attender/Pods-Attender.release.xcconfig"; sourceTree = "<group>"; };
		67EC357E4A57405D8271BBCC /* Ionicons.ttf */ = {isa = PBXFileReference; explicitFileType = undefined; fileEncoding = 9; includeInIndex = 0; lastKnownFileType = unknown; name = Ionicons.ttf; path = "../node_modules/react-native-vector-icons/Fonts/Ionicons.ttf"; sourceTree = "<group>"; };
		78C398B01ACF4ADC00677621 /* RCTLinking.xcodeproj */ = {isa = PBXFileReference; lastKnownFileType = "wrapper.pb-project"; name = RCTLinking.xcodeproj; path = "../node_modules/react-native/Libraries/LinkingIOS/RCTLinking.xcodeproj"; sourceTree = "<group>"; };
		832341B01AAA6A8300B99B32 /* RCTText.xcodeproj */ = {isa = PBXFileReference; lastKnownFileType = "wrapper.pb-project"; name = RCTText.xcodeproj; path = "../node_modules/react-native/Libraries/Text/RCTText.xcodeproj"; sourceTree = "<group>"; };
		84EBDAEF1B9E48E4A87E2147 /* SystemConfiguration.framework */ = {isa = PBXFileReference; explicitFileType = undefined; fileEncoding = 9; includeInIndex = 0; lastKnownFileType = wrapper.framework; name = SystemConfiguration.framework; path = System/Library/Frameworks/SystemConfiguration.framework; sourceTree = SDKROOT; };
		8967630621334901B56D3A75 /* MaterialIcons.ttf */ = {isa = PBXFileReference; explicitFileType = undefined; fileEncoding = 9; includeInIndex = 0; lastKnownFileType = unknown; name = MaterialIcons.ttf; path = "../node_modules/react-native-vector-icons/Fonts/MaterialIcons.ttf"; sourceTree = "<group>"; };
		8B3D74E71FA8994D00647AB5 /* FBSDKCoreKit.framework */ = {isa = PBXFileReference; lastKnownFileType = wrapper.framework; name = FBSDKCoreKit.framework; path = ../../Documents/FacebookSDK/FBSDKCoreKit.framework; sourceTree = "<group>"; };
		8B3D74E91FA8995700647AB5 /* FBSDKLoginKit.framework */ = {isa = PBXFileReference; lastKnownFileType = wrapper.framework; name = FBSDKLoginKit.framework; path = ../../Documents/FacebookSDK/FBSDKLoginKit.framework; sourceTree = "<group>"; };
		8B3D74EB1FA8996400647AB5 /* FBSDKShareKit.framework */ = {isa = PBXFileReference; lastKnownFileType = wrapper.framework; name = FBSDKShareKit.framework; path = ../../Documents/FacebookSDK/FBSDKShareKit.framework; sourceTree = "<group>"; };
		8B3D74ED1FA8997700647AB5 /* Bolts.framework */ = {isa = PBXFileReference; lastKnownFileType = wrapper.framework; name = Bolts.framework; path = ../../Documents/FacebookSDK/Bolts.framework; sourceTree = "<group>"; };
		8B5F46DD1FB45C1900F1D793 /* RCTPushNotification.xcodeproj */ = {isa = PBXFileReference; lastKnownFileType = "wrapper.pb-project"; name = RCTPushNotification.xcodeproj; path = "../node_modules/react-native/Libraries/PushNotificationIOS/RCTPushNotification.xcodeproj"; sourceTree = "<group>"; };
		8B5F470D1FB45CB000F1D793 /* Attender.entitlements */ = {isa = PBXFileReference; lastKnownFileType = text.plist.entitlements; name = Attender.entitlements; path = Attender/Attender.entitlements; sourceTree = "<group>"; };
		8B606F6A1FA7282500F004B6 /* GoogleService-Info.plist */ = {isa = PBXFileReference; fileEncoding = 4; lastKnownFileType = text.plist.xml; path = "GoogleService-Info.plist"; sourceTree = "<group>"; };
		8E5DBB2F912846D6901C3945 /* libRNImagePicker.a */ = {isa = PBXFileReference; explicitFileType = undefined; fileEncoding = 9; includeInIndex = 0; lastKnownFileType = archive.ar; path = libRNImagePicker.a; sourceTree = "<group>"; };
		908D3C405AC14CFEA5FFB44F /* AddressBook.framework */ = {isa = PBXFileReference; explicitFileType = undefined; fileEncoding = 9; includeInIndex = 0; lastKnownFileType = wrapper.framework; name = AddressBook.framework; path = System/Library/Frameworks/AddressBook.framework; sourceTree = SDKROOT; };
		930F33DA22982CFCC9000C79 /* libPods-Attender.a */ = {isa = PBXFileReference; explicitFileType = archive.ar; includeInIndex = 0; path = "libPods-Attender.a"; sourceTree = BUILT_PRODUCTS_DIR; };
		BF11F132A42641E4AE1027D8 /* SimpleLineIcons.ttf */ = {isa = PBXFileReference; explicitFileType = undefined; fileEncoding = 9; includeInIndex = 0; lastKnownFileType = unknown; name = SimpleLineIcons.ttf; path = "../node_modules/react-native-vector-icons/Fonts/SimpleLineIcons.ttf"; sourceTree = "<group>"; };
		BF6027C11C264AE5A8470331 /* FontAwesome.ttf */ = {isa = PBXFileReference; explicitFileType = undefined; fileEncoding = 9; includeInIndex = 0; lastKnownFileType = unknown; name = FontAwesome.ttf; path = "../node_modules/react-native-vector-icons/Fonts/FontAwesome.ttf"; sourceTree = "<group>"; };
		C4AE9F42718D416DB43085F5 /* Entypo.ttf */ = {isa = PBXFileReference; explicitFileType = undefined; fileEncoding = 9; includeInIndex = 0; lastKnownFileType = unknown; name = Entypo.ttf; path = "../node_modules/react-native-vector-icons/Fonts/Entypo.ttf"; sourceTree = "<group>"; };
		D5768ECCF2DC4124B0A2E648 /* Zocial.ttf */ = {isa = PBXFileReference; explicitFileType = undefined; fileEncoding = 9; includeInIndex = 0; lastKnownFileType = unknown; name = Zocial.ttf; path = "../node_modules/react-native-vector-icons/Fonts/Zocial.ttf"; sourceTree = "<group>"; };
		DBED373669034509AC31FDD7 /* MaterialCommunityIcons.ttf */ = {isa = PBXFileReference; explicitFileType = undefined; fileEncoding = 9; includeInIndex = 0; lastKnownFileType = unknown; name = MaterialCommunityIcons.ttf; path = "../node_modules/react-native-vector-icons/Fonts/MaterialCommunityIcons.ttf"; sourceTree = "<group>"; };
		DED49C6483F34848829B45A6 /* libRNGeocoder.a */ = {isa = PBXFileReference; explicitFileType = undefined; fileEncoding = 9; includeInIndex = 0; lastKnownFileType = archive.ar; path = libRNGeocoder.a; sourceTree = "<group>"; };
		E13D3BED6E8F40D597240697 /* libRCTFBSDK.a */ = {isa = PBXFileReference; explicitFileType = undefined; fileEncoding = 9; includeInIndex = 0; lastKnownFileType = archive.ar; path = libRCTFBSDK.a; sourceTree = "<group>"; };
		E1606799778049CCBCE6833F /* libRNGoogleSignin.a */ = {isa = PBXFileReference; explicitFileType = undefined; fileEncoding = 9; includeInIndex = 0; lastKnownFileType = archive.ar; path = libRNGoogleSignin.a; sourceTree = "<group>"; };
		ECFFC68A07A94AF59289E8A7 /* RNGoogleSignin.xcodeproj */ = {isa = PBXFileReference; explicitFileType = undefined; fileEncoding = 9; includeInIndex = 0; lastKnownFileType = "wrapper.pb-project"; name = RNGoogleSignin.xcodeproj; path = "../node_modules/react-native-google-signin/ios/RNGoogleSignin.xcodeproj"; sourceTree = "<group>"; };
		F5CB3B9EAC30475AA55712F5 /* Octicons.ttf */ = {isa = PBXFileReference; explicitFileType = undefined; fileEncoding = 9; includeInIndex = 0; lastKnownFileType = unknown; name = Octicons.ttf; path = "../node_modules/react-native-vector-icons/Fonts/Octicons.ttf"; sourceTree = "<group>"; };
		49938D2BAC1340CC86D441AF /* AvenirNextLTPro-Bold.otf */ = {isa = PBXFileReference; name = "AvenirNextLTPro-Bold.otf"; path = "../assets/fonts/AvenirNextLTPro-Bold.otf"; sourceTree = "<group>"; fileEncoding = undefined; lastKnownFileType = unknown; explicitFileType = undefined; includeInIndex = 0; };
		D1C36851E3914CB8AC25C72E /* AvenirNextLTPro-BoldCn.otf */ = {isa = PBXFileReference; name = "AvenirNextLTPro-BoldCn.otf"; path = "../assets/fonts/AvenirNextLTPro-BoldCn.otf"; sourceTree = "<group>"; fileEncoding = undefined; lastKnownFileType = unknown; explicitFileType = undefined; includeInIndex = 0; };
		2BE4A45E5D094FA9BCB4BEC4 /* AvenirNextLTPro-BoldCnIt.otf */ = {isa = PBXFileReference; name = "AvenirNextLTPro-BoldCnIt.otf"; path = "../assets/fonts/AvenirNextLTPro-BoldCnIt.otf"; sourceTree = "<group>"; fileEncoding = undefined; lastKnownFileType = unknown; explicitFileType = undefined; includeInIndex = 0; };
		0E23B5CD2AD54EF983C34350 /* AvenirNextLTPro-BoldIt.otf */ = {isa = PBXFileReference; name = "AvenirNextLTPro-BoldIt.otf"; path = "../assets/fonts/AvenirNextLTPro-BoldIt.otf"; sourceTree = "<group>"; fileEncoding = undefined; lastKnownFileType = unknown; explicitFileType = undefined; includeInIndex = 0; };
		960F2B6B544747C9801D716B /* AvenirNextLTPro-Cn.otf */ = {isa = PBXFileReference; name = "AvenirNextLTPro-Cn.otf"; path = "../assets/fonts/AvenirNextLTPro-Cn.otf"; sourceTree = "<group>"; fileEncoding = undefined; lastKnownFileType = unknown; explicitFileType = undefined; includeInIndex = 0; };
		BC9B2B142CAF4F67B18B524B /* AvenirNextLTPro-CnIt.otf */ = {isa = PBXFileReference; name = "AvenirNextLTPro-CnIt.otf"; path = "../assets/fonts/AvenirNextLTPro-CnIt.otf"; sourceTree = "<group>"; fileEncoding = undefined; lastKnownFileType = unknown; explicitFileType = undefined; includeInIndex = 0; };
		E750FA507AD8496B9A5DDF26 /* AvenirNextLTPro-Demi.otf */ = {isa = PBXFileReference; name = "AvenirNextLTPro-Demi.otf"; path = "../assets/fonts/AvenirNextLTPro-Demi.otf"; sourceTree = "<group>"; fileEncoding = undefined; lastKnownFileType = unknown; explicitFileType = undefined; includeInIndex = 0; };
		B8942AC1D99544CFAA7111DC /* AvenirNextLTPro-DemiCn.otf */ = {isa = PBXFileReference; name = "AvenirNextLTPro-DemiCn.otf"; path = "../assets/fonts/AvenirNextLTPro-DemiCn.otf"; sourceTree = "<group>"; fileEncoding = undefined; lastKnownFileType = unknown; explicitFileType = undefined; includeInIndex = 0; };
		D6A1E62312EC4C788911EA08 /* AvenirNextLTPro-DemiCnIt.otf */ = {isa = PBXFileReference; name = "AvenirNextLTPro-DemiCnIt.otf"; path = "../assets/fonts/AvenirNextLTPro-DemiCnIt.otf"; sourceTree = "<group>"; fileEncoding = undefined; lastKnownFileType = unknown; explicitFileType = undefined; includeInIndex = 0; };
		C11DD34276F04F77B8D9903E /* AvenirNextLTPro-DemiIt.otf */ = {isa = PBXFileReference; name = "AvenirNextLTPro-DemiIt.otf"; path = "../assets/fonts/AvenirNextLTPro-DemiIt.otf"; sourceTree = "<group>"; fileEncoding = undefined; lastKnownFileType = unknown; explicitFileType = undefined; includeInIndex = 0; };
		B1B7CE44BAC8466FA4152A5F /* AvenirNextLTPro-Heavy.otf */ = {isa = PBXFileReference; name = "AvenirNextLTPro-Heavy.otf"; path = "../assets/fonts/AvenirNextLTPro-Heavy.otf"; sourceTree = "<group>"; fileEncoding = undefined; lastKnownFileType = unknown; explicitFileType = undefined; includeInIndex = 0; };
		8F8DDDAF2C914028AA4A6C72 /* AvenirNextLTPro-HeavyCn.otf */ = {isa = PBXFileReference; name = "AvenirNextLTPro-HeavyCn.otf"; path = "../assets/fonts/AvenirNextLTPro-HeavyCn.otf"; sourceTree = "<group>"; fileEncoding = undefined; lastKnownFileType = unknown; explicitFileType = undefined; includeInIndex = 0; };
		69FFF82DBECF4C11A46A5679 /* AvenirNextLTPro-HeavyCnIt.otf */ = {isa = PBXFileReference; name = "AvenirNextLTPro-HeavyCnIt.otf"; path = "../assets/fonts/AvenirNextLTPro-HeavyCnIt.otf"; sourceTree = "<group>"; fileEncoding = undefined; lastKnownFileType = unknown; explicitFileType = undefined; includeInIndex = 0; };
		9833F9A66CF14CB49A752D73 /* AvenirNextLTPro-HeavyIt.otf */ = {isa = PBXFileReference; name = "AvenirNextLTPro-HeavyIt.otf"; path = "../assets/fonts/AvenirNextLTPro-HeavyIt.otf"; sourceTree = "<group>"; fileEncoding = undefined; lastKnownFileType = unknown; explicitFileType = undefined; includeInIndex = 0; };
		F911D65115D04EF3B1DF98C6 /* AvenirNextLTPro-It.otf */ = {isa = PBXFileReference; name = "AvenirNextLTPro-It.otf"; path = "../assets/fonts/AvenirNextLTPro-It.otf"; sourceTree = "<group>"; fileEncoding = undefined; lastKnownFileType = unknown; explicitFileType = undefined; includeInIndex = 0; };
		5DD88F3E29CC48AD93553A22 /* AvenirNextLTPro-Medium.otf */ = {isa = PBXFileReference; name = "AvenirNextLTPro-Medium.otf"; path = "../assets/fonts/AvenirNextLTPro-Medium.otf"; sourceTree = "<group>"; fileEncoding = undefined; lastKnownFileType = unknown; explicitFileType = undefined; includeInIndex = 0; };
		AD418720415549A6AE6DAD92 /* AvenirNextLTPro-MediumCn.otf */ = {isa = PBXFileReference; name = "AvenirNextLTPro-MediumCn.otf"; path = "../assets/fonts/AvenirNextLTPro-MediumCn.otf"; sourceTree = "<group>"; fileEncoding = undefined; lastKnownFileType = unknown; explicitFileType = undefined; includeInIndex = 0; };
		E6890CF90FB047F995F2157A /* AvenirNextLTPro-MediumCnIt.otf */ = {isa = PBXFileReference; name = "AvenirNextLTPro-MediumCnIt.otf"; path = "../assets/fonts/AvenirNextLTPro-MediumCnIt.otf"; sourceTree = "<group>"; fileEncoding = undefined; lastKnownFileType = unknown; explicitFileType = undefined; includeInIndex = 0; };
		61E0859CAF60451594EEA300 /* AvenirNextLTPro-MediumIt.otf */ = {isa = PBXFileReference; name = "AvenirNextLTPro-MediumIt.otf"; path = "../assets/fonts/AvenirNextLTPro-MediumIt.otf"; sourceTree = "<group>"; fileEncoding = undefined; lastKnownFileType = unknown; explicitFileType = undefined; includeInIndex = 0; };
		D529A2CC0E3241FBB92C79CB /* AvenirNextLTPro-Regular.otf */ = {isa = PBXFileReference; name = "AvenirNextLTPro-Regular.otf"; path = "../assets/fonts/AvenirNextLTPro-Regular.otf"; sourceTree = "<group>"; fileEncoding = undefined; lastKnownFileType = unknown; explicitFileType = undefined; includeInIndex = 0; };
		97BA780B5DC1423DA2B9D125 /* AvenirNextLTPro-UltLt.otf */ = {isa = PBXFileReference; name = "AvenirNextLTPro-UltLt.otf"; path = "../assets/fonts/AvenirNextLTPro-UltLt.otf"; sourceTree = "<group>"; fileEncoding = undefined; lastKnownFileType = unknown; explicitFileType = undefined; includeInIndex = 0; };
		DFDB568FA6534C118FC69069 /* AvenirNextLTPro-UltLtCn.otf */ = {isa = PBXFileReference; name = "AvenirNextLTPro-UltLtCn.otf"; path = "../assets/fonts/AvenirNextLTPro-UltLtCn.otf"; sourceTree = "<group>"; fileEncoding = undefined; lastKnownFileType = unknown; explicitFileType = undefined; includeInIndex = 0; };
		FCC9EFA8F6E44CDC8B005238 /* AvenirNextLTPro-UltLtCnIt.otf */ = {isa = PBXFileReference; name = "AvenirNextLTPro-UltLtCnIt.otf"; path = "../assets/fonts/AvenirNextLTPro-UltLtCnIt.otf"; sourceTree = "<group>"; fileEncoding = undefined; lastKnownFileType = unknown; explicitFileType = undefined; includeInIndex = 0; };
		4E5C385169E54A6B86D32EB4 /* AvenirNextLTPro-UltLtIt.otf */ = {isa = PBXFileReference; name = "AvenirNextLTPro-UltLtIt.otf"; path = "../assets/fonts/AvenirNextLTPro-UltLtIt.otf"; sourceTree = "<group>"; fileEncoding = undefined; lastKnownFileType = unknown; explicitFileType = undefined; includeInIndex = 0; };
/* End PBXFileReference section */

/* Begin PBXFrameworksBuildPhase section */
		00E356EB1AD99517003FC87E /* Frameworks */ = {
			isa = PBXFrameworksBuildPhase;
			buildActionMask = 2147483647;
			files = (
				140ED2AC1D01E1AD002B40FF /* libReact.a in Frameworks */,
			);
			runOnlyForDeploymentPostprocessing = 0;
		};
		13B07F8C1A680F5B00A75B9A /* Frameworks */ = {
			isa = PBXFrameworksBuildPhase;
			buildActionMask = 2147483647;
			files = (
				8B5F470C1FB45C2700F1D793 /* libRCTPushNotification.a in Frameworks */,
				146834051AC3E58100842450 /* libReact.a in Frameworks */,
				5E9157361DD0AC6A00FF2AA8 /* libRCTAnimation.a in Frameworks */,
				00C302E51ABCBA2D00DB3ED1 /* libRCTActionSheet.a in Frameworks */,
				00C302E71ABCBA2D00DB3ED1 /* libRCTGeolocation.a in Frameworks */,
				00C302E81ABCBA2D00DB3ED1 /* libRCTImage.a in Frameworks */,
				8B3D74EC1FA8996400647AB5 /* FBSDKShareKit.framework in Frameworks */,
				133E29F31AD74F7200F7D852 /* libRCTLinking.a in Frameworks */,
				00C302E91ABCBA2D00DB3ED1 /* libRCTNetwork.a in Frameworks */,
				139105C61AF99C1200B5F7CC /* libRCTSettings.a in Frameworks */,
				832341BD1AAA6AB300B99B32 /* libRCTText.a in Frameworks */,
				00C302EA1ABCBA2D00DB3ED1 /* libRCTVibration.a in Frameworks */,
				139FDEF61B0652A700C62182 /* libRCTWebSocket.a in Frameworks */,
				BB13F20311E8426FA28A7C5D /* libRNGeocoder.a in Frameworks */,
				98A64FD296834F13962EEC28 /* libRNImagePicker.a in Frameworks */,
				F76BF236BB7A426D932C3AC2 /* libRCTActionSheet.a in Frameworks */,
				8B3D74E81FA8994D00647AB5 /* FBSDKCoreKit.framework in Frameworks */,
				34E0C9CEDCB349819787A6E6 /* libRNVectorIcons.a in Frameworks */,
				67A463D294D5408DB10F8446 /* libAirMaps.a in Frameworks */,
				CB5A46860F38473CBFF62B5B /* libRNGoogleSignin.a in Frameworks */,
				303BC60F08A14BA49D5C04B7 /* libz.tbd in Frameworks */,
				8B3D74EA1FA8995700647AB5 /* FBSDKLoginKit.framework in Frameworks */,
				E0C417C055684D898148E215 /* SafariServices.framework in Frameworks */,
				46A659C98BAB4B698E4DDACA /* SystemConfiguration.framework in Frameworks */,
				9131BF66361B4C43B8B8A345 /* AddressBook.framework in Frameworks */,
				B0AEB3C86B004AB7BDD8823F /* libPods-Attender.a in Frameworks */,
				7FA6833EFF6C41F7A4197034 /* libRCTFBSDK.a in Frameworks */,
				8B3D74EE1FA8997700647AB5 /* Bolts.framework in Frameworks */,
			);
			runOnlyForDeploymentPostprocessing = 0;
		};
/* End PBXFrameworksBuildPhase section */

/* Begin PBXGroup section */
		00C302A81ABCB8CE00DB3ED1 /* Products */ = {
			isa = PBXGroup;
			children = (
				00C302AC1ABCB8CE00DB3ED1 /* libRCTActionSheet.a */,
			);
			name = Products;
			sourceTree = "<group>";
		};
		00C302B61ABCB90400DB3ED1 /* Products */ = {
			isa = PBXGroup;
			children = (
				00C302BA1ABCB90400DB3ED1 /* libRCTGeolocation.a */,
			);
			name = Products;
			sourceTree = "<group>";
		};
		00C302BC1ABCB91800DB3ED1 /* Products */ = {
			isa = PBXGroup;
			children = (
				00C302C01ABCB91800DB3ED1 /* libRCTImage.a */,
				3DAD3E841DF850E9000B6D8A /* libRCTImage-tvOS.a */,
			);
			name = Products;
			sourceTree = "<group>";
		};
		00C302D41ABCB9D200DB3ED1 /* Products */ = {
			isa = PBXGroup;
			children = (
				00C302DC1ABCB9D200DB3ED1 /* libRCTNetwork.a */,
				3DAD3E8C1DF850E9000B6D8A /* libRCTNetwork-tvOS.a */,
			);
			name = Products;
			sourceTree = "<group>";
		};
		00C302E01ABCB9EE00DB3ED1 /* Products */ = {
			isa = PBXGroup;
			children = (
				00C302E41ABCB9EE00DB3ED1 /* libRCTVibration.a */,
			);
			name = Products;
			sourceTree = "<group>";
		};
		00E356EF1AD99517003FC87E /* AttenderTests */ = {
			isa = PBXGroup;
			children = (
				00E356F21AD99517003FC87E /* AttenderTests.m */,
				00E356F01AD99517003FC87E /* Supporting Files */,
			);
			path = AttenderTests;
			sourceTree = "<group>";
		};
		00E356F01AD99517003FC87E /* Supporting Files */ = {
			isa = PBXGroup;
			children = (
				00E356F11AD99517003FC87E /* Info.plist */,
			);
			name = "Supporting Files";
			sourceTree = "<group>";
		};
		0EEB42DD6B5E4BD998F50E7F /* Frameworks */ = {
			isa = PBXGroup;
			children = (
				8B3D74ED1FA8997700647AB5 /* Bolts.framework */,
				8B3D74EB1FA8996400647AB5 /* FBSDKShareKit.framework */,
				8B3D74E91FA8995700647AB5 /* FBSDKLoginKit.framework */,
				8B3D74E71FA8994D00647AB5 /* FBSDKCoreKit.framework */,
				1AB2E5D461C549A6A85F1DC9 /* libz.tbd */,
				114042B7C8434048AB83401A /* SafariServices.framework */,
				84EBDAEF1B9E48E4A87E2147 /* SystemConfiguration.framework */,
				908D3C405AC14CFEA5FFB44F /* AddressBook.framework */,
				930F33DA22982CFCC9000C79 /* libPods-Attender.a */,
			);
			name = Frameworks;
			sourceTree = "<group>";
		};
		139105B71AF99BAD00B5F7CC /* Products */ = {
			isa = PBXGroup;
			children = (
				139105C11AF99BAD00B5F7CC /* libRCTSettings.a */,
				3DAD3E901DF850E9000B6D8A /* libRCTSettings-tvOS.a */,
			);
			name = Products;
			sourceTree = "<group>";
		};
		139FDEE71B06529A00C62182 /* Products */ = {
			isa = PBXGroup;
			children = (
				139FDEF41B06529B00C62182 /* libRCTWebSocket.a */,
				3DAD3E991DF850E9000B6D8A /* libRCTWebSocket-tvOS.a */,
			);
			name = Products;
			sourceTree = "<group>";
		};
		13B07FAE1A68108700A75B9A /* Attender */ = {
			isa = PBXGroup;
			children = (
				8B5F470D1FB45CB000F1D793 /* Attender.entitlements */,
				8B606F6A1FA7282500F004B6 /* GoogleService-Info.plist */,
				008F07F21AC5B25A0029DE68 /* main.jsbundle */,
				13B07FAF1A68108700A75B9A /* AppDelegate.h */,
				13B07FB01A68108700A75B9A /* AppDelegate.m */,
				13B07FB51A68108700A75B9A /* Images.xcassets */,
				13B07FB61A68108700A75B9A /* Info.plist */,
				13B07FB11A68108700A75B9A /* LaunchScreen.xib */,
				13B07FB71A68108700A75B9A /* main.m */,
			);
			name = Attender;
			sourceTree = "<group>";
		};
		146834001AC3E56700842450 /* Products */ = {
			isa = PBXGroup;
			children = (
				146834041AC3E56700842450 /* libReact.a */,
				3DAD3EA31DF850E9000B6D8A /* libReact.a */,
				3DAD3EA51DF850E9000B6D8A /* libyoga.a */,
				3DAD3EA71DF850E9000B6D8A /* libyoga.a */,
				3DAD3EA91DF850E9000B6D8A /* libcxxreact.a */,
				3DAD3EAB1DF850E9000B6D8A /* libcxxreact.a */,
				3DAD3EAD1DF850E9000B6D8A /* libjschelpers.a */,
				3DAD3EAF1DF850E9000B6D8A /* libjschelpers.a */,
				8B9F32C91F4EAA4F005D25FB /* libthird-party.a */,
				8B9F32CB1F4EAA4F005D25FB /* libthird-party.a */,
				8B9F32CD1F4EAA4F005D25FB /* libdouble-conversion.a */,
				8B9F32CF1F4EAA4F005D25FB /* libdouble-conversion.a */,
			);
			name = Products;
			sourceTree = "<group>";
		};
		5E91572E1DD0AC6500FF2AA8 /* Products */ = {
			isa = PBXGroup;
			children = (
				5E9157331DD0AC6500FF2AA8 /* libRCTAnimation.a */,
				5E9157351DD0AC6500FF2AA8 /* libRCTAnimation.a */,
			);
			name = Products;
			sourceTree = "<group>";
		};
		78C398B11ACF4ADC00677621 /* Products */ = {
			isa = PBXGroup;
			children = (
				78C398B91ACF4ADC00677621 /* libRCTLinking.a */,
				3DAD3E881DF850E9000B6D8A /* libRCTLinking-tvOS.a */,
			);
			name = Products;
			sourceTree = "<group>";
		};
		7FE7943AAA266CD86BBA31A1 /* Pods */ = {
			isa = PBXGroup;
			children = (
				51A765CD35B63E42CC30B2D1 /* Pods-Attender.debug.xcconfig */,
				6664BFE21A81A72A7C8735D3 /* Pods-Attender.release.xcconfig */,
			);
			name = Pods;
			sourceTree = "<group>";
		};
		832341AE1AAA6A7D00B99B32 /* Libraries */ = {
			isa = PBXGroup;
			children = (
				8B5F46DD1FB45C1900F1D793 /* RCTPushNotification.xcodeproj */,
				5E91572D1DD0AC6500FF2AA8 /* RCTAnimation.xcodeproj */,
				146833FF1AC3E56700842450 /* React.xcodeproj */,
				00C302A71ABCB8CE00DB3ED1 /* RCTActionSheet.xcodeproj */,
				00C302B51ABCB90400DB3ED1 /* RCTGeolocation.xcodeproj */,
				00C302BB1ABCB91800DB3ED1 /* RCTImage.xcodeproj */,
				78C398B01ACF4ADC00677621 /* RCTLinking.xcodeproj */,
				00C302D31ABCB9D200DB3ED1 /* RCTNetwork.xcodeproj */,
				139105B61AF99BAD00B5F7CC /* RCTSettings.xcodeproj */,
				832341B01AAA6A8300B99B32 /* RCTText.xcodeproj */,
				00C302DF1ABCB9EE00DB3ED1 /* RCTVibration.xcodeproj */,
				139FDEE61B06529A00C62182 /* RCTWebSocket.xcodeproj */,
				2C74889DD86C4EF693301703 /* RNGeocoder.xcodeproj */,
				06A4B6A34D2E4AF49F1CAC1D /* RNImagePicker.xcodeproj */,
				5B7F895AEBD643268D3B44B8 /* Slider.xcodeproj */,
				0D9ACD6C407C47AD8EA9CCAE /* RNVectorIcons.xcodeproj */,
				1313EBB762B04BE298010CBD /* AirMaps.xcodeproj */,
				ECFFC68A07A94AF59289E8A7 /* RNGoogleSignin.xcodeproj */,
				49CF451BDFD04AA1990B02A8 /* RCTFBSDK.xcodeproj */,
			);
			name = Libraries;
			sourceTree = "<group>";
		};
		832341B11AAA6A8300B99B32 /* Products */ = {
			isa = PBXGroup;
			children = (
				832341B51AAA6A8300B99B32 /* libRCTText.a */,
				3DAD3E941DF850E9000B6D8A /* libRCTText-tvOS.a */,
			);
			name = Products;
			sourceTree = "<group>";
		};
		83CBB9F61A601CBA00E9B192 = {
			isa = PBXGroup;
			children = (
				13B07FAE1A68108700A75B9A /* Attender */,
				832341AE1AAA6A7D00B99B32 /* Libraries */,
				00E356EF1AD99517003FC87E /* AttenderTests */,
				83CBBA001A601CBA00E9B192 /* Products */,
				0EEB42DD6B5E4BD998F50E7F /* Frameworks */,
				D216BD6007D64AD2979F2951 /* Resources */,
				8B3DFA721F81E1DB00299891 /* Recovered References */,
				7FE7943AAA266CD86BBA31A1 /* Pods */,
			);
			indentWidth = 2;
			sourceTree = "<group>";
			tabWidth = 2;
		};
		83CBBA001A601CBA00E9B192 /* Products */ = {
			isa = PBXGroup;
			children = (
				13B07F961A680F5B00A75B9A /* Attender.app */,
				00E356EE1AD99517003FC87E /* AttenderTests.xctest */,
			);
			name = Products;
			sourceTree = "<group>";
		};
		8B3D749C1FA888BC00647AB5 /* Products */ = {
			isa = PBXGroup;
			children = (
				8B3D74A41FA888BC00647AB5 /* libRCTFBSDK.a */,
			);
			name = Products;
			sourceTree = "<group>";
		};
		8B3DFA721F81E1DB00299891 /* Recovered References */ = {
			isa = PBXGroup;
			children = (
				DED49C6483F34848829B45A6 /* libRNGeocoder.a */,
				8E5DBB2F912846D6901C3945 /* libRNImagePicker.a */,
				25225C331BF34E30AD8F8928 /* libRCTActionSheet.a */,
				489223EFDD53422697172EFD /* libRNVectorIcons.a */,
				0C679842310D4863B6C24224 /* libAirMaps.a */,
				E1606799778049CCBCE6833F /* libRNGoogleSignin.a */,
				E13D3BED6E8F40D597240697 /* libRCTFBSDK.a */,
			);
			name = "Recovered References";
			sourceTree = "<group>";
		};
		8B5F46DE1FB45C1900F1D793 /* Products */ = {
			isa = PBXGroup;
			children = (
				8B5F46EF1FB45C1900F1D793 /* libRCTPushNotification.a */,
				8B5F46F11FB45C1900F1D793 /* libRCTPushNotification-tvOS.a */,
			);
			name = Products;
			sourceTree = "<group>";
		};
		8B606F251FA6F9BF00F004B6 /* Products */ = {
			isa = PBXGroup;
			children = (
				8B606F491FA6F9BF00F004B6 /* libRNGoogleSignin.a */,
			);
			name = Products;
			sourceTree = "<group>";
		};
		8B9F32E61F4EB4E0005D25FB /* Products */ = {
			isa = PBXGroup;
			children = (
				8B9F33071F4EB4E0005D25FB /* libRNGeocoder.a */,
			);
			name = Products;
			sourceTree = "<group>";
		};
		8B9F330D1F4EB4E0005D25FB /* Products */ = {
			isa = PBXGroup;
			children = (
				8B9F33111F4EB4E0005D25FB /* libRNImagePicker.a */,
			);
			name = Products;
			sourceTree = "<group>";
		};
		8B9F33121F4EB4E0005D25FB /* Products */ = {
			isa = PBXGroup;
			children = (
				8B9F33171F4EB4E0005D25FB /* Slider.app */,
				8B9F33191F4EB4E0005D25FB /* SliderTests.xctest */,
			);
			name = Products;
			sourceTree = "<group>";
		};
		8B9F331A1F4EB4E0005D25FB /* Products */ = {
			isa = PBXGroup;
			children = (
				8B9F331E1F4EB4E0005D25FB /* libRNVectorIcons.a */,
			);
			name = Products;
			sourceTree = "<group>";
		};
		8BF2815B1F7C19D800EB4BEA /* Products */ = {
			isa = PBXGroup;
			children = (
				8BF2815F1F7C19D800EB4BEA /* libAirMaps.a */,
			);
			name = Products;
			sourceTree = "<group>";
		};
		D216BD6007D64AD2979F2951 /* Resources */ = {
			isa = PBXGroup;
			children = (
				C4AE9F42718D416DB43085F5 /* Entypo.ttf */,
				000DF96327FA458AA7F86F01 /* EvilIcons.ttf */,
				BF6027C11C264AE5A8470331 /* FontAwesome.ttf */,
				1B7E0DB35CC44122A28AD859 /* Foundation.ttf */,
				67EC357E4A57405D8271BBCC /* Ionicons.ttf */,
				DBED373669034509AC31FDD7 /* MaterialCommunityIcons.ttf */,
				8967630621334901B56D3A75 /* MaterialIcons.ttf */,
				F5CB3B9EAC30475AA55712F5 /* Octicons.ttf */,
				BF11F132A42641E4AE1027D8 /* SimpleLineIcons.ttf */,
				D5768ECCF2DC4124B0A2E648 /* Zocial.ttf */,
				0B72BDDB1BD342039528AEFD /* Feather.ttf */,
				49938D2BAC1340CC86D441AF /* AvenirNextLTPro-Bold.otf */,
				D1C36851E3914CB8AC25C72E /* AvenirNextLTPro-BoldCn.otf */,
				2BE4A45E5D094FA9BCB4BEC4 /* AvenirNextLTPro-BoldCnIt.otf */,
				0E23B5CD2AD54EF983C34350 /* AvenirNextLTPro-BoldIt.otf */,
				960F2B6B544747C9801D716B /* AvenirNextLTPro-Cn.otf */,
				BC9B2B142CAF4F67B18B524B /* AvenirNextLTPro-CnIt.otf */,
				E750FA507AD8496B9A5DDF26 /* AvenirNextLTPro-Demi.otf */,
				B8942AC1D99544CFAA7111DC /* AvenirNextLTPro-DemiCn.otf */,
				D6A1E62312EC4C788911EA08 /* AvenirNextLTPro-DemiCnIt.otf */,
				C11DD34276F04F77B8D9903E /* AvenirNextLTPro-DemiIt.otf */,
				B1B7CE44BAC8466FA4152A5F /* AvenirNextLTPro-Heavy.otf */,
				8F8DDDAF2C914028AA4A6C72 /* AvenirNextLTPro-HeavyCn.otf */,
				69FFF82DBECF4C11A46A5679 /* AvenirNextLTPro-HeavyCnIt.otf */,
				9833F9A66CF14CB49A752D73 /* AvenirNextLTPro-HeavyIt.otf */,
				F911D65115D04EF3B1DF98C6 /* AvenirNextLTPro-It.otf */,
				5DD88F3E29CC48AD93553A22 /* AvenirNextLTPro-Medium.otf */,
				AD418720415549A6AE6DAD92 /* AvenirNextLTPro-MediumCn.otf */,
				E6890CF90FB047F995F2157A /* AvenirNextLTPro-MediumCnIt.otf */,
				61E0859CAF60451594EEA300 /* AvenirNextLTPro-MediumIt.otf */,
				D529A2CC0E3241FBB92C79CB /* AvenirNextLTPro-Regular.otf */,
				97BA780B5DC1423DA2B9D125 /* AvenirNextLTPro-UltLt.otf */,
				DFDB568FA6534C118FC69069 /* AvenirNextLTPro-UltLtCn.otf */,
				FCC9EFA8F6E44CDC8B005238 /* AvenirNextLTPro-UltLtCnIt.otf */,
				4E5C385169E54A6B86D32EB4 /* AvenirNextLTPro-UltLtIt.otf */,
			);
			name = Resources;
			sourceTree = "<group>";
		};
/* End PBXGroup section */

/* Begin PBXNativeTarget section */
		00E356ED1AD99517003FC87E /* AttenderTests */ = {
			isa = PBXNativeTarget;
			buildConfigurationList = 00E357021AD99517003FC87E /* Build configuration list for PBXNativeTarget "AttenderTests" */;
			buildPhases = (
				00E356EA1AD99517003FC87E /* Sources */,
				00E356EB1AD99517003FC87E /* Frameworks */,
				00E356EC1AD99517003FC87E /* Resources */,
			);
			buildRules = (
			);
			dependencies = (
				00E356F51AD99517003FC87E /* PBXTargetDependency */,
			);
			name = AttenderTests;
			productName = AttenderTests;
			productReference = 00E356EE1AD99517003FC87E /* AttenderTests.xctest */;
			productType = "com.apple.product-type.bundle.unit-test";
		};
		13B07F861A680F5B00A75B9A /* Attender */ = {
			isa = PBXNativeTarget;
			buildConfigurationList = 13B07F931A680F5B00A75B9A /* Build configuration list for PBXNativeTarget "Attender" */;
			buildPhases = (
				3C4D2C237CE6C99AD3C05C82 /* [CP] Check Pods Manifest.lock */,
				13B07F871A680F5B00A75B9A /* Sources */,
				13B07F8C1A680F5B00A75B9A /* Frameworks */,
				13B07F8E1A680F5B00A75B9A /* Resources */,
				00DD1BFF1BD5951E006B06BC /* Bundle React Native code and images */,
				B82D33A21CF5AF0D88C593B5 /* [CP] Embed Pods Frameworks */,
				F18F0364D4AFDA1949C9F515 /* [CP] Copy Pods Resources */,
			);
			buildRules = (
			);
			dependencies = (
			);
			name = Attender;
			productName = "Hello World";
			productReference = 13B07F961A680F5B00A75B9A /* Attender.app */;
			productType = "com.apple.product-type.application";
		};
/* End PBXNativeTarget section */

/* Begin PBXProject section */
		83CBB9F71A601CBA00E9B192 /* Project object */ = {
			isa = PBXProject;
			attributes = {
				LastUpgradeCheck = 610;
				ORGANIZATIONNAME = Facebook;
				TargetAttributes = {
					00E356ED1AD99517003FC87E = {
						CreatedOnToolsVersion = 6.2;
						DevelopmentTeam = WFXCBU48U4;
						TestTargetID = 13B07F861A680F5B00A75B9A;
					};
					13B07F861A680F5B00A75B9A = {
						DevelopmentTeam = WFXCBU48U4;
						ProvisioningStyle = Automatic;
						SystemCapabilities = {
							com.apple.Push = {
								enabled = 1;
							};
						};
					};
				};
			};
			buildConfigurationList = 83CBB9FA1A601CBA00E9B192 /* Build configuration list for PBXProject "Attender" */;
			compatibilityVersion = "Xcode 3.2";
			developmentRegion = English;
			hasScannedForEncodings = 0;
			knownRegions = (
				en,
				Base,
			);
			mainGroup = 83CBB9F61A601CBA00E9B192;
			productRefGroup = 83CBBA001A601CBA00E9B192 /* Products */;
			projectDirPath = "";
			projectReferences = (
				{
					ProductGroup = 8BF2815B1F7C19D800EB4BEA /* Products */;
					ProjectRef = 1313EBB762B04BE298010CBD /* AirMaps.xcodeproj */;
				},
				{
					ProductGroup = 00C302A81ABCB8CE00DB3ED1 /* Products */;
					ProjectRef = 00C302A71ABCB8CE00DB3ED1 /* RCTActionSheet.xcodeproj */;
				},
				{
					ProductGroup = 5E91572E1DD0AC6500FF2AA8 /* Products */;
					ProjectRef = 5E91572D1DD0AC6500FF2AA8 /* RCTAnimation.xcodeproj */;
				},
				{
					ProductGroup = 8B3D749C1FA888BC00647AB5 /* Products */;
					ProjectRef = 49CF451BDFD04AA1990B02A8 /* RCTFBSDK.xcodeproj */;
				},
				{
					ProductGroup = 00C302B61ABCB90400DB3ED1 /* Products */;
					ProjectRef = 00C302B51ABCB90400DB3ED1 /* RCTGeolocation.xcodeproj */;
				},
				{
					ProductGroup = 00C302BC1ABCB91800DB3ED1 /* Products */;
					ProjectRef = 00C302BB1ABCB91800DB3ED1 /* RCTImage.xcodeproj */;
				},
				{
					ProductGroup = 78C398B11ACF4ADC00677621 /* Products */;
					ProjectRef = 78C398B01ACF4ADC00677621 /* RCTLinking.xcodeproj */;
				},
				{
					ProductGroup = 00C302D41ABCB9D200DB3ED1 /* Products */;
					ProjectRef = 00C302D31ABCB9D200DB3ED1 /* RCTNetwork.xcodeproj */;
				},
				{
					ProductGroup = 8B5F46DE1FB45C1900F1D793 /* Products */;
					ProjectRef = 8B5F46DD1FB45C1900F1D793 /* RCTPushNotification.xcodeproj */;
				},
				{
					ProductGroup = 139105B71AF99BAD00B5F7CC /* Products */;
					ProjectRef = 139105B61AF99BAD00B5F7CC /* RCTSettings.xcodeproj */;
				},
				{
					ProductGroup = 832341B11AAA6A8300B99B32 /* Products */;
					ProjectRef = 832341B01AAA6A8300B99B32 /* RCTText.xcodeproj */;
				},
				{
					ProductGroup = 00C302E01ABCB9EE00DB3ED1 /* Products */;
					ProjectRef = 00C302DF1ABCB9EE00DB3ED1 /* RCTVibration.xcodeproj */;
				},
				{
					ProductGroup = 139FDEE71B06529A00C62182 /* Products */;
					ProjectRef = 139FDEE61B06529A00C62182 /* RCTWebSocket.xcodeproj */;
				},
				{
					ProductGroup = 146834001AC3E56700842450 /* Products */;
					ProjectRef = 146833FF1AC3E56700842450 /* React.xcodeproj */;
				},
				{
					ProductGroup = 8B9F32E61F4EB4E0005D25FB /* Products */;
					ProjectRef = 2C74889DD86C4EF693301703 /* RNGeocoder.xcodeproj */;
				},
				{
					ProductGroup = 8B606F251FA6F9BF00F004B6 /* Products */;
					ProjectRef = ECFFC68A07A94AF59289E8A7 /* RNGoogleSignin.xcodeproj */;
				},
				{
					ProductGroup = 8B9F330D1F4EB4E0005D25FB /* Products */;
					ProjectRef = 06A4B6A34D2E4AF49F1CAC1D /* RNImagePicker.xcodeproj */;
				},
				{
					ProductGroup = 8B9F331A1F4EB4E0005D25FB /* Products */;
					ProjectRef = 0D9ACD6C407C47AD8EA9CCAE /* RNVectorIcons.xcodeproj */;
				},
				{
					ProductGroup = 8B9F33121F4EB4E0005D25FB /* Products */;
					ProjectRef = 5B7F895AEBD643268D3B44B8 /* Slider.xcodeproj */;
				},
			);
			projectRoot = "";
			targets = (
				13B07F861A680F5B00A75B9A /* Attender */,
				00E356ED1AD99517003FC87E /* AttenderTests */,
			);
		};
/* End PBXProject section */

/* Begin PBXReferenceProxy section */
		00C302AC1ABCB8CE00DB3ED1 /* libRCTActionSheet.a */ = {
			isa = PBXReferenceProxy;
			fileType = archive.ar;
			path = libRCTActionSheet.a;
			remoteRef = 00C302AB1ABCB8CE00DB3ED1 /* PBXContainerItemProxy */;
			sourceTree = BUILT_PRODUCTS_DIR;
		};
		00C302BA1ABCB90400DB3ED1 /* libRCTGeolocation.a */ = {
			isa = PBXReferenceProxy;
			fileType = archive.ar;
			path = libRCTGeolocation.a;
			remoteRef = 00C302B91ABCB90400DB3ED1 /* PBXContainerItemProxy */;
			sourceTree = BUILT_PRODUCTS_DIR;
		};
		00C302C01ABCB91800DB3ED1 /* libRCTImage.a */ = {
			isa = PBXReferenceProxy;
			fileType = archive.ar;
			path = libRCTImage.a;
			remoteRef = 00C302BF1ABCB91800DB3ED1 /* PBXContainerItemProxy */;
			sourceTree = BUILT_PRODUCTS_DIR;
		};
		00C302DC1ABCB9D200DB3ED1 /* libRCTNetwork.a */ = {
			isa = PBXReferenceProxy;
			fileType = archive.ar;
			path = libRCTNetwork.a;
			remoteRef = 00C302DB1ABCB9D200DB3ED1 /* PBXContainerItemProxy */;
			sourceTree = BUILT_PRODUCTS_DIR;
		};
		00C302E41ABCB9EE00DB3ED1 /* libRCTVibration.a */ = {
			isa = PBXReferenceProxy;
			fileType = archive.ar;
			path = libRCTVibration.a;
			remoteRef = 00C302E31ABCB9EE00DB3ED1 /* PBXContainerItemProxy */;
			sourceTree = BUILT_PRODUCTS_DIR;
		};
		139105C11AF99BAD00B5F7CC /* libRCTSettings.a */ = {
			isa = PBXReferenceProxy;
			fileType = archive.ar;
			path = libRCTSettings.a;
			remoteRef = 139105C01AF99BAD00B5F7CC /* PBXContainerItemProxy */;
			sourceTree = BUILT_PRODUCTS_DIR;
		};
		139FDEF41B06529B00C62182 /* libRCTWebSocket.a */ = {
			isa = PBXReferenceProxy;
			fileType = archive.ar;
			path = libRCTWebSocket.a;
			remoteRef = 139FDEF31B06529B00C62182 /* PBXContainerItemProxy */;
			sourceTree = BUILT_PRODUCTS_DIR;
		};
		146834041AC3E56700842450 /* libReact.a */ = {
			isa = PBXReferenceProxy;
			fileType = archive.ar;
			path = libReact.a;
			remoteRef = 146834031AC3E56700842450 /* PBXContainerItemProxy */;
			sourceTree = BUILT_PRODUCTS_DIR;
		};
		3DAD3E841DF850E9000B6D8A /* libRCTImage-tvOS.a */ = {
			isa = PBXReferenceProxy;
			fileType = archive.ar;
			path = "libRCTImage-tvOS.a";
			remoteRef = 3DAD3E831DF850E9000B6D8A /* PBXContainerItemProxy */;
			sourceTree = BUILT_PRODUCTS_DIR;
		};
		3DAD3E881DF850E9000B6D8A /* libRCTLinking-tvOS.a */ = {
			isa = PBXReferenceProxy;
			fileType = archive.ar;
			path = "libRCTLinking-tvOS.a";
			remoteRef = 3DAD3E871DF850E9000B6D8A /* PBXContainerItemProxy */;
			sourceTree = BUILT_PRODUCTS_DIR;
		};
		3DAD3E8C1DF850E9000B6D8A /* libRCTNetwork-tvOS.a */ = {
			isa = PBXReferenceProxy;
			fileType = archive.ar;
			path = "libRCTNetwork-tvOS.a";
			remoteRef = 3DAD3E8B1DF850E9000B6D8A /* PBXContainerItemProxy */;
			sourceTree = BUILT_PRODUCTS_DIR;
		};
		3DAD3E901DF850E9000B6D8A /* libRCTSettings-tvOS.a */ = {
			isa = PBXReferenceProxy;
			fileType = archive.ar;
			path = "libRCTSettings-tvOS.a";
			remoteRef = 3DAD3E8F1DF850E9000B6D8A /* PBXContainerItemProxy */;
			sourceTree = BUILT_PRODUCTS_DIR;
		};
		3DAD3E941DF850E9000B6D8A /* libRCTText-tvOS.a */ = {
			isa = PBXReferenceProxy;
			fileType = archive.ar;
			path = "libRCTText-tvOS.a";
			remoteRef = 3DAD3E931DF850E9000B6D8A /* PBXContainerItemProxy */;
			sourceTree = BUILT_PRODUCTS_DIR;
		};
		3DAD3E991DF850E9000B6D8A /* libRCTWebSocket-tvOS.a */ = {
			isa = PBXReferenceProxy;
			fileType = archive.ar;
			path = "libRCTWebSocket-tvOS.a";
			remoteRef = 3DAD3E981DF850E9000B6D8A /* PBXContainerItemProxy */;
			sourceTree = BUILT_PRODUCTS_DIR;
		};
		3DAD3EA31DF850E9000B6D8A /* libReact.a */ = {
			isa = PBXReferenceProxy;
			fileType = archive.ar;
			path = libReact.a;
			remoteRef = 3DAD3EA21DF850E9000B6D8A /* PBXContainerItemProxy */;
			sourceTree = BUILT_PRODUCTS_DIR;
		};
		3DAD3EA51DF850E9000B6D8A /* libyoga.a */ = {
			isa = PBXReferenceProxy;
			fileType = archive.ar;
			path = libyoga.a;
			remoteRef = 3DAD3EA41DF850E9000B6D8A /* PBXContainerItemProxy */;
			sourceTree = BUILT_PRODUCTS_DIR;
		};
		3DAD3EA71DF850E9000B6D8A /* libyoga.a */ = {
			isa = PBXReferenceProxy;
			fileType = archive.ar;
			path = libyoga.a;
			remoteRef = 3DAD3EA61DF850E9000B6D8A /* PBXContainerItemProxy */;
			sourceTree = BUILT_PRODUCTS_DIR;
		};
		3DAD3EA91DF850E9000B6D8A /* libcxxreact.a */ = {
			isa = PBXReferenceProxy;
			fileType = archive.ar;
			path = libcxxreact.a;
			remoteRef = 3DAD3EA81DF850E9000B6D8A /* PBXContainerItemProxy */;
			sourceTree = BUILT_PRODUCTS_DIR;
		};
		3DAD3EAB1DF850E9000B6D8A /* libcxxreact.a */ = {
			isa = PBXReferenceProxy;
			fileType = archive.ar;
			path = libcxxreact.a;
			remoteRef = 3DAD3EAA1DF850E9000B6D8A /* PBXContainerItemProxy */;
			sourceTree = BUILT_PRODUCTS_DIR;
		};
		3DAD3EAD1DF850E9000B6D8A /* libjschelpers.a */ = {
			isa = PBXReferenceProxy;
			fileType = archive.ar;
			path = libjschelpers.a;
			remoteRef = 3DAD3EAC1DF850E9000B6D8A /* PBXContainerItemProxy */;
			sourceTree = BUILT_PRODUCTS_DIR;
		};
		3DAD3EAF1DF850E9000B6D8A /* libjschelpers.a */ = {
			isa = PBXReferenceProxy;
			fileType = archive.ar;
			path = libjschelpers.a;
			remoteRef = 3DAD3EAE1DF850E9000B6D8A /* PBXContainerItemProxy */;
			sourceTree = BUILT_PRODUCTS_DIR;
		};
		5E9157331DD0AC6500FF2AA8 /* libRCTAnimation.a */ = {
			isa = PBXReferenceProxy;
			fileType = archive.ar;
			path = libRCTAnimation.a;
			remoteRef = 5E9157321DD0AC6500FF2AA8 /* PBXContainerItemProxy */;
			sourceTree = BUILT_PRODUCTS_DIR;
		};
		5E9157351DD0AC6500FF2AA8 /* libRCTAnimation.a */ = {
			isa = PBXReferenceProxy;
			fileType = archive.ar;
			path = libRCTAnimation.a;
			remoteRef = 5E9157341DD0AC6500FF2AA8 /* PBXContainerItemProxy */;
			sourceTree = BUILT_PRODUCTS_DIR;
		};
		78C398B91ACF4ADC00677621 /* libRCTLinking.a */ = {
			isa = PBXReferenceProxy;
			fileType = archive.ar;
			path = libRCTLinking.a;
			remoteRef = 78C398B81ACF4ADC00677621 /* PBXContainerItemProxy */;
			sourceTree = BUILT_PRODUCTS_DIR;
		};
		832341B51AAA6A8300B99B32 /* libRCTText.a */ = {
			isa = PBXReferenceProxy;
			fileType = archive.ar;
			path = libRCTText.a;
			remoteRef = 832341B41AAA6A8300B99B32 /* PBXContainerItemProxy */;
			sourceTree = BUILT_PRODUCTS_DIR;
		};
		8B3D74A41FA888BC00647AB5 /* libRCTFBSDK.a */ = {
			isa = PBXReferenceProxy;
			fileType = archive.ar;
			path = libRCTFBSDK.a;
			remoteRef = 8B3D74A31FA888BC00647AB5 /* PBXContainerItemProxy */;
			sourceTree = BUILT_PRODUCTS_DIR;
		};
		8B5F46EF1FB45C1900F1D793 /* libRCTPushNotification.a */ = {
			isa = PBXReferenceProxy;
			fileType = archive.ar;
			path = libRCTPushNotification.a;
			remoteRef = 8B5F46EE1FB45C1900F1D793 /* PBXContainerItemProxy */;
			sourceTree = BUILT_PRODUCTS_DIR;
		};
		8B5F46F11FB45C1900F1D793 /* libRCTPushNotification-tvOS.a */ = {
			isa = PBXReferenceProxy;
			fileType = archive.ar;
			path = "libRCTPushNotification-tvOS.a";
			remoteRef = 8B5F46F01FB45C1900F1D793 /* PBXContainerItemProxy */;
			sourceTree = BUILT_PRODUCTS_DIR;
		};
		8B606F491FA6F9BF00F004B6 /* libRNGoogleSignin.a */ = {
			isa = PBXReferenceProxy;
			fileType = archive.ar;
			path = libRNGoogleSignin.a;
			remoteRef = 8B606F481FA6F9BF00F004B6 /* PBXContainerItemProxy */;
			sourceTree = BUILT_PRODUCTS_DIR;
		};
		8B9F32C91F4EAA4F005D25FB /* libthird-party.a */ = {
			isa = PBXReferenceProxy;
			fileType = archive.ar;
			path = "libthird-party.a";
			remoteRef = 8B9F32C81F4EAA4F005D25FB /* PBXContainerItemProxy */;
			sourceTree = BUILT_PRODUCTS_DIR;
		};
		8B9F32CB1F4EAA4F005D25FB /* libthird-party.a */ = {
			isa = PBXReferenceProxy;
			fileType = archive.ar;
			path = "libthird-party.a";
			remoteRef = 8B9F32CA1F4EAA4F005D25FB /* PBXContainerItemProxy */;
			sourceTree = BUILT_PRODUCTS_DIR;
		};
		8B9F32CD1F4EAA4F005D25FB /* libdouble-conversion.a */ = {
			isa = PBXReferenceProxy;
			fileType = archive.ar;
			path = "libdouble-conversion.a";
			remoteRef = 8B9F32CC1F4EAA4F005D25FB /* PBXContainerItemProxy */;
			sourceTree = BUILT_PRODUCTS_DIR;
		};
		8B9F32CF1F4EAA4F005D25FB /* libdouble-conversion.a */ = {
			isa = PBXReferenceProxy;
			fileType = archive.ar;
			path = "libdouble-conversion.a";
			remoteRef = 8B9F32CE1F4EAA4F005D25FB /* PBXContainerItemProxy */;
			sourceTree = BUILT_PRODUCTS_DIR;
		};
		8B9F33071F4EB4E0005D25FB /* libRNGeocoder.a */ = {
			isa = PBXReferenceProxy;
			fileType = archive.ar;
			path = libRNGeocoder.a;
			remoteRef = 8B9F33061F4EB4E0005D25FB /* PBXContainerItemProxy */;
			sourceTree = BUILT_PRODUCTS_DIR;
		};
		8B9F33111F4EB4E0005D25FB /* libRNImagePicker.a */ = {
			isa = PBXReferenceProxy;
			fileType = archive.ar;
			path = libRNImagePicker.a;
			remoteRef = 8B9F33101F4EB4E0005D25FB /* PBXContainerItemProxy */;
			sourceTree = BUILT_PRODUCTS_DIR;
		};
		8B9F33171F4EB4E0005D25FB /* Slider.app */ = {
			isa = PBXReferenceProxy;
			fileType = wrapper.application;
			path = Slider.app;
			remoteRef = 8B9F33161F4EB4E0005D25FB /* PBXContainerItemProxy */;
			sourceTree = BUILT_PRODUCTS_DIR;
		};
		8B9F33191F4EB4E0005D25FB /* SliderTests.xctest */ = {
			isa = PBXReferenceProxy;
			fileType = wrapper.cfbundle;
			path = SliderTests.xctest;
			remoteRef = 8B9F33181F4EB4E0005D25FB /* PBXContainerItemProxy */;
			sourceTree = BUILT_PRODUCTS_DIR;
		};
		8B9F331E1F4EB4E0005D25FB /* libRNVectorIcons.a */ = {
			isa = PBXReferenceProxy;
			fileType = archive.ar;
			path = libRNVectorIcons.a;
			remoteRef = 8B9F331D1F4EB4E0005D25FB /* PBXContainerItemProxy */;
			sourceTree = BUILT_PRODUCTS_DIR;
		};
		8BF2815F1F7C19D800EB4BEA /* libAirMaps.a */ = {
			isa = PBXReferenceProxy;
			fileType = archive.ar;
			path = libAirMaps.a;
			remoteRef = 8BF2815E1F7C19D800EB4BEA /* PBXContainerItemProxy */;
			sourceTree = BUILT_PRODUCTS_DIR;
		};
/* End PBXReferenceProxy section */

/* Begin PBXResourcesBuildPhase section */
		00E356EC1AD99517003FC87E /* Resources */ = {
			isa = PBXResourcesBuildPhase;
			buildActionMask = 2147483647;
			files = (
			);
			runOnlyForDeploymentPostprocessing = 0;
		};
		13B07F8E1A680F5B00A75B9A /* Resources */ = {
			isa = PBXResourcesBuildPhase;
			buildActionMask = 2147483647;
			files = (
				8B606F6B1FA7282500F004B6 /* GoogleService-Info.plist in Resources */,
				13B07FBF1A68108700A75B9A /* Images.xcassets in Resources */,
				13B07FBD1A68108700A75B9A /* LaunchScreen.xib in Resources */,
				5185A689FC6E450DA5279114 /* Entypo.ttf in Resources */,
				1A963123D8F64F77A57F01A5 /* EvilIcons.ttf in Resources */,
				5E9B12755B0E43C8AD7152BE /* FontAwesome.ttf in Resources */,
				5BA165E7B6B04DFD9E2CA86C /* Foundation.ttf in Resources */,
				2F4521421B7B461AA4193FF2 /* Ionicons.ttf in Resources */,
				708129B7025D4790BD19DBB7 /* MaterialCommunityIcons.ttf in Resources */,
				309AEC32740A47AD8A1FCA3B /* MaterialIcons.ttf in Resources */,
				91A436E5154C43F7AC38C155 /* Octicons.ttf in Resources */,
				4F432297B21B409CB67EAC6D /* SimpleLineIcons.ttf in Resources */,
				E991F16F58474B33BE60AD86 /* Zocial.ttf in Resources */,
				86D85678359540859768AACD /* AvenirNextLTPro-Bold.otf in Resources */,
				88088CEA4FDA46F794174541 /* AvenirNextLTPro-BoldCn.otf in Resources */,
				C129EE4D95E142059CA9A8AA /* AvenirNextLTPro-BoldCnIt.otf in Resources */,
				448F8A4504AC431A9F32747F /* AvenirNextLTPro-BoldIt.otf in Resources */,
				E7A42011A69C427CA46C3907 /* AvenirNextLTPro-Cn.otf in Resources */,
				313344AA6D1C47A09CF4C73F /* AvenirNextLTPro-CnIt.otf in Resources */,
				1839D4D03B3149BE9C374B46 /* AvenirNextLTPro-Demi.otf in Resources */,
				60C4EB4BC4D143869654A51F /* AvenirNextLTPro-DemiCn.otf in Resources */,
				C135120BADF04BE7BE5EC062 /* AvenirNextLTPro-DemiCnIt.otf in Resources */,
				4E186A3A77194487887A3A12 /* AvenirNextLTPro-DemiIt.otf in Resources */,
				9612F885FF0D4868A7C20C04 /* AvenirNextLTPro-Heavy.otf in Resources */,
				BFB36227E1EB48758E3E4360 /* AvenirNextLTPro-HeavyCn.otf in Resources */,
				AF67B74C2FC149F0A90F412D /* AvenirNextLTPro-HeavyCnIt.otf in Resources */,
				8A805118B7B6496C825223A5 /* AvenirNextLTPro-HeavyIt.otf in Resources */,
				F784D61110BC403BAF15EFF2 /* AvenirNextLTPro-It.otf in Resources */,
				1BD43E386E1B4F058644E1A5 /* AvenirNextLTPro-Medium.otf in Resources */,
				18D711C7A0B74A6F94284B46 /* AvenirNextLTPro-MediumCn.otf in Resources */,
				DD47050366BD43888211EE40 /* AvenirNextLTPro-MediumCnIt.otf in Resources */,
				4D189AB9D9F840C7BB9207E0 /* AvenirNextLTPro-MediumIt.otf in Resources */,
				D3698C7E246D47989A9E8223 /* AvenirNextLTPro-Regular.otf in Resources */,
				6D203C7F09DE403C9CE26A81 /* AvenirNextLTPro-UltLt.otf in Resources */,
				B7FCE3B3AB574E13B4225D7F /* AvenirNextLTPro-UltLtCn.otf in Resources */,
				292A636EE5EE40339DECC103 /* AvenirNextLTPro-UltLtCnIt.otf in Resources */,
				60140E158C39450A8789BBC9 /* AvenirNextLTPro-UltLtIt.otf in Resources */,
			);
			runOnlyForDeploymentPostprocessing = 0;
		};
/* End PBXResourcesBuildPhase section */

/* Begin PBXShellScriptBuildPhase section */
		00DD1BFF1BD5951E006B06BC /* Bundle React Native code and images */ = {
			isa = PBXShellScriptBuildPhase;
			buildActionMask = 2147483647;
			files = (
			);
			inputPaths = (
			);
			name = "Bundle React Native code and images";
			outputPaths = (
			);
			runOnlyForDeploymentPostprocessing = 0;
			shellPath = /bin/sh;
			shellScript = "export NODE_BINARY=node\n../node_modules/react-native/scripts/react-native-xcode.sh";
		};
		3C4D2C237CE6C99AD3C05C82 /* [CP] Check Pods Manifest.lock */ = {
			isa = PBXShellScriptBuildPhase;
			buildActionMask = 2147483647;
			files = (
			);
			inputPaths = (
				"${PODS_PODFILE_DIR_PATH}/Podfile.lock",
				"${PODS_ROOT}/Manifest.lock",
			);
			name = "[CP] Check Pods Manifest.lock";
			outputPaths = (
				"$(DERIVED_FILE_DIR)/Pods-Attender-checkManifestLockResult.txt",
			);
			runOnlyForDeploymentPostprocessing = 0;
			shellPath = /bin/sh;
			shellScript = "diff \"${PODS_PODFILE_DIR_PATH}/Podfile.lock\" \"${PODS_ROOT}/Manifest.lock\" > /dev/null\nif [ $? != 0 ] ; then\n    # print error to STDERR\n    echo \"error: The sandbox is not in sync with the Podfile.lock. Run 'pod install' or update your CocoaPods installation.\" >&2\n    exit 1\nfi\n";
			showEnvVarsInLog = 0;
		};
		B82D33A21CF5AF0D88C593B5 /* [CP] Embed Pods Frameworks */ = {
			isa = PBXShellScriptBuildPhase;
			buildActionMask = 2147483647;
			files = (
			);
			inputPaths = (
			);
			name = "[CP] Embed Pods Frameworks";
			outputPaths = (
			);
			runOnlyForDeploymentPostprocessing = 0;
			shellPath = /bin/sh;
			shellScript = "\"${SRCROOT}/Pods/Target Support Files/Pods-Attender/Pods-Attender-frameworks.sh\"\n";
			showEnvVarsInLog = 0;
		};
		F18F0364D4AFDA1949C9F515 /* [CP] Copy Pods Resources */ = {
			isa = PBXShellScriptBuildPhase;
			buildActionMask = 2147483647;
			files = (
			);
			inputPaths = (
				"${SRCROOT}/Pods/Target Support Files/Pods-Attender/Pods-Attender-resources.sh",
				"${PODS_ROOT}/GTMOAuth2/Source/Touch/GTMOAuth2ViewTouch.xib",
				"${PODS_ROOT}/GoogleSignIn/Resources/GoogleSignIn.bundle",
			);
			name = "[CP] Copy Pods Resources";
			outputPaths = (
				"${TARGET_BUILD_DIR}/${UNLOCALIZED_RESOURCES_FOLDER_PATH}",
			);
			runOnlyForDeploymentPostprocessing = 0;
			shellPath = /bin/sh;
			shellScript = "\"${SRCROOT}/Pods/Target Support Files/Pods-Attender/Pods-Attender-resources.sh\"\n";
			showEnvVarsInLog = 0;
		};
/* End PBXShellScriptBuildPhase section */

/* Begin PBXSourcesBuildPhase section */
		00E356EA1AD99517003FC87E /* Sources */ = {
			isa = PBXSourcesBuildPhase;
			buildActionMask = 2147483647;
			files = (
				00E356F31AD99517003FC87E /* AttenderTests.m in Sources */,
			);
			runOnlyForDeploymentPostprocessing = 0;
		};
		13B07F871A680F5B00A75B9A /* Sources */ = {
			isa = PBXSourcesBuildPhase;
			buildActionMask = 2147483647;
			files = (
				13B07FBC1A68108700A75B9A /* AppDelegate.m in Sources */,
				13B07FC11A68108700A75B9A /* main.m in Sources */,
			);
			runOnlyForDeploymentPostprocessing = 0;
		};
/* End PBXSourcesBuildPhase section */

/* Begin PBXTargetDependency section */
		00E356F51AD99517003FC87E /* PBXTargetDependency */ = {
			isa = PBXTargetDependency;
			target = 13B07F861A680F5B00A75B9A /* Attender */;
			targetProxy = 00E356F41AD99517003FC87E /* PBXContainerItemProxy */;
		};
/* End PBXTargetDependency section */

/* Begin PBXVariantGroup section */
		13B07FB11A68108700A75B9A /* LaunchScreen.xib */ = {
			isa = PBXVariantGroup;
			children = (
				13B07FB21A68108700A75B9A /* Base */,
			);
			name = LaunchScreen.xib;
			path = Attender;
			sourceTree = "<group>";
		};
/* End PBXVariantGroup section */

/* Begin XCBuildConfiguration section */
		00E356F61AD99517003FC87E /* Debug */ = {
			isa = XCBuildConfiguration;
			buildSettings = {
				BUNDLE_LOADER = "$(TEST_HOST)";
				DEVELOPMENT_TEAM = WFXCBU48U4;
				GCC_PREPROCESSOR_DEFINITIONS = (
					"DEBUG=1",
					"$(inherited)",
				);
				HEADER_SEARCH_PATHS = (
					"$(inherited)",
					"$(SRCROOT)/../node_modules/react-native-geocoder/ios/RNGeocoder",
					"$(SRCROOT)/../node_modules/react-native-image-picker/ios",
					"$(SRCROOT)/../node_modules/react-native-multi-slider/iOS/Slider",
					"$(SRCROOT)/../node_modules/react-native-vector-icons/RNVectorIconsManager",
					"$(SRCROOT)/../node_modules/react-native-maps/lib/ios/**",
					"$(SRCROOT)/../node_modules/react-native-google-signin/ios/RNGoogleSignin/**",
					"$(SRCROOT)/../node_modules/react-native-fbsdk/ios/RCTFBSDK/**",
				);
				INFOPLIST_FILE = AttenderTests/Info.plist;
				IPHONEOS_DEPLOYMENT_TARGET = 8.0;
				LD_RUNPATH_SEARCH_PATHS = "$(inherited) @executable_path/Frameworks @loader_path/Frameworks";
				LIBRARY_SEARCH_PATHS = "$(inherited)";
				OTHER_LDFLAGS = (
					"-ObjC",
					"-lc++",
				);
				PRODUCT_NAME = "$(TARGET_NAME)";
				TEST_HOST = "$(BUILT_PRODUCTS_DIR)/Attender.app/Attender";
			};
			name = Debug;
		};
		00E356F71AD99517003FC87E /* Release */ = {
			isa = XCBuildConfiguration;
			buildSettings = {
				BUNDLE_LOADER = "$(TEST_HOST)";
				COPY_PHASE_STRIP = NO;
				DEVELOPMENT_TEAM = WFXCBU48U4;
				HEADER_SEARCH_PATHS = (
					"$(inherited)",
					"$(SRCROOT)/../node_modules/react-native-geocoder/ios/RNGeocoder",
					"$(SRCROOT)/../node_modules/react-native-image-picker/ios",
					"$(SRCROOT)/../node_modules/react-native-multi-slider/iOS/Slider",
					"$(SRCROOT)/../node_modules/react-native-vector-icons/RNVectorIconsManager",
					"$(SRCROOT)/../node_modules/react-native-maps/lib/ios/**",
					"$(SRCROOT)/../node_modules/react-native-google-signin/ios/RNGoogleSignin/**",
					"$(SRCROOT)/../node_modules/react-native-fbsdk/ios/RCTFBSDK/**",
				);
				INFOPLIST_FILE = AttenderTests/Info.plist;
				IPHONEOS_DEPLOYMENT_TARGET = 8.0;
				LD_RUNPATH_SEARCH_PATHS = "$(inherited) @executable_path/Frameworks @loader_path/Frameworks";
				LIBRARY_SEARCH_PATHS = "$(inherited)";
				OTHER_LDFLAGS = (
					"-ObjC",
					"-lc++",
				);
				PRODUCT_NAME = "$(TARGET_NAME)";
				TEST_HOST = "$(BUILT_PRODUCTS_DIR)/Attender.app/Attender";
			};
			name = Release;
		};
		13B07F941A680F5B00A75B9A /* Debug */ = {
			isa = XCBuildConfiguration;
			baseConfigurationReference = 51A765CD35B63E42CC30B2D1 /* Pods-Attender.debug.xcconfig */;
			buildSettings = {
				ASSETCATALOG_COMPILER_APPICON_NAME = "AppIcon-1";
				CODE_SIGN_ENTITLEMENTS = Attender/Attender.entitlements;
				"CODE_SIGN_IDENTITY[sdk=iphoneos*]" = "iPhone Developer";
				CODE_SIGN_STYLE = Automatic;
				CURRENT_PROJECT_VERSION = 1;
				DEAD_CODE_STRIPPING = NO;
				DEVELOPMENT_TEAM = WFXCBU48U4;
				ENABLE_BITCODE = YES;
				FRAMEWORK_SEARCH_PATHS = (
					"$(inherited)",
					"\"${PODS_ROOT}/FirebaseAnalytics/Frameworks\"",
					"\"${PODS_ROOT}/FirebaseCore/Frameworks\"",
					"\"${PODS_ROOT}/FirebaseInstanceID/Frameworks\"",
					"\"${PODS_ROOT}/Google/Frameworks\"",
					"\"${PODS_ROOT}/GoogleSignIn/Frameworks\"",
					"~/Documents/FacebookSDK",
				);
				HEADER_SEARCH_PATHS = (
					"$(inherited)",
					"$(SRCROOT)/../node_modules/react-native-geocoder/ios/RNGeocoder",
					"$(SRCROOT)/../node_modules/react-native-image-picker/ios",
					"$(SRCROOT)/../node_modules/react-native-multi-slider/iOS/Slider",
					"$(SRCROOT)/../node_modules/react-native-vector-icons/RNVectorIconsManager",
					"$(SRCROOT)/../node_modules/react-native-maps/lib/ios/**",
					"$(SRCROOT)/../node_modules/react-native-google-signin/ios/RNGoogleSignin/**",
					"$(SRCROOT)/../node_modules/react-native-fbsdk/ios/RCTFBSDK/**",
				);
				INFOPLIST_FILE = Attender/Info.plist;
				LD_RUNPATH_SEARCH_PATHS = "$(inherited) @executable_path/Frameworks";
				OTHER_LDFLAGS = (
					"$(inherited)",
					"-ObjC",
					"-lc++",
				);
				PRODUCT_BUNDLE_IDENTIFIER = com.attender.attender;
				PRODUCT_NAME = Attender;
				PROVISIONING_PROFILE_SPECIFIER = "";
				VERSIONING_SYSTEM = "apple-generic";
			};
			name = Debug;
		};
		13B07F951A680F5B00A75B9A /* Release */ = {
			isa = XCBuildConfiguration;
			baseConfigurationReference = 6664BFE21A81A72A7C8735D3 /* Pods-Attender.release.xcconfig */;
			buildSettings = {
				ASSETCATALOG_COMPILER_APPICON_NAME = "AppIcon-1";
				CODE_SIGN_ENTITLEMENTS = Attender/Attender.entitlements;
				"CODE_SIGN_IDENTITY[sdk=iphoneos*]" = "iPhone Developer";
				CODE_SIGN_STYLE = Automatic;
				CURRENT_PROJECT_VERSION = 1;
				DEVELOPMENT_TEAM = WFXCBU48U4;
				ENABLE_BITCODE = YES;
				FRAMEWORK_SEARCH_PATHS = (
					"$(inherited)",
					"\"${PODS_ROOT}/FirebaseAnalytics/Frameworks\"",
					"\"${PODS_ROOT}/FirebaseCore/Frameworks\"",
					"\"${PODS_ROOT}/FirebaseInstanceID/Frameworks\"",
					"\"${PODS_ROOT}/Google/Frameworks\"",
					"\"${PODS_ROOT}/GoogleSignIn/Frameworks\"",
					"~/Documents/FacebookSDK",
				);
				HEADER_SEARCH_PATHS = (
					"$(inherited)",
					"$(SRCROOT)/../node_modules/react-native-geocoder/ios/RNGeocoder",
					"$(SRCROOT)/../node_modules/react-native-image-picker/ios",
					"$(SRCROOT)/../node_modules/react-native-multi-slider/iOS/Slider",
					"$(SRCROOT)/../node_modules/react-native-vector-icons/RNVectorIconsManager",
					"$(SRCROOT)/../node_modules/react-native-maps/lib/ios/**",
					"$(SRCROOT)/../node_modules/react-native-google-signin/ios/RNGoogleSignin/**",
					"$(SRCROOT)/../node_modules/react-native-fbsdk/ios/RCTFBSDK/**",
				);
				INFOPLIST_FILE = Attender/Info.plist;
				LD_RUNPATH_SEARCH_PATHS = "$(inherited) @executable_path/Frameworks";
				OTHER_LDFLAGS = (
					"$(inherited)",
					"-ObjC",
					"-lc++",
				);
				PRODUCT_BUNDLE_IDENTIFIER = com.attender.attender;
				PRODUCT_NAME = Attender;
				PROVISIONING_PROFILE_SPECIFIER = "";
				VERSIONING_SYSTEM = "apple-generic";
			};
			name = Release;
		};
		83CBBA201A601CBA00E9B192 /* Debug */ = {
			isa = XCBuildConfiguration;
			buildSettings = {
				ALWAYS_SEARCH_USER_PATHS = NO;
				CLANG_CXX_LANGUAGE_STANDARD = "gnu++0x";
				CLANG_CXX_LIBRARY = "libc++";
				CLANG_ENABLE_MODULES = YES;
				CLANG_ENABLE_OBJC_ARC = YES;
				CLANG_WARN_BOOL_CONVERSION = YES;
				CLANG_WARN_CONSTANT_CONVERSION = YES;
				CLANG_WARN_DIRECT_OBJC_ISA_USAGE = YES_ERROR;
				CLANG_WARN_EMPTY_BODY = YES;
				CLANG_WARN_ENUM_CONVERSION = YES;
				CLANG_WARN_INT_CONVERSION = YES;
				CLANG_WARN_OBJC_ROOT_CLASS = YES_ERROR;
				CLANG_WARN_UNREACHABLE_CODE = YES;
				CLANG_WARN__DUPLICATE_METHOD_MATCH = YES;
				"CODE_SIGN_IDENTITY[sdk=iphoneos*]" = "iPhone Developer";
				COPY_PHASE_STRIP = NO;
				ENABLE_STRICT_OBJC_MSGSEND = YES;
				GCC_C_LANGUAGE_STANDARD = gnu99;
				GCC_DYNAMIC_NO_PIC = NO;
				GCC_OPTIMIZATION_LEVEL = 0;
				GCC_PREPROCESSOR_DEFINITIONS = (
					"DEBUG=1",
					"$(inherited)",
				);
				GCC_SYMBOLS_PRIVATE_EXTERN = NO;
				GCC_WARN_64_TO_32_BIT_CONVERSION = YES;
				GCC_WARN_ABOUT_RETURN_TYPE = YES_ERROR;
				GCC_WARN_UNDECLARED_SELECTOR = YES;
				GCC_WARN_UNINITIALIZED_AUTOS = YES_AGGRESSIVE;
				GCC_WARN_UNUSED_FUNCTION = YES;
				GCC_WARN_UNUSED_VARIABLE = YES;
				IPHONEOS_DEPLOYMENT_TARGET = 8.0;
				MTL_ENABLE_DEBUG_INFO = YES;
				ONLY_ACTIVE_ARCH = YES;
				SDKROOT = iphoneos;
			};
			name = Debug;
		};
		83CBBA211A601CBA00E9B192 /* Release */ = {
			isa = XCBuildConfiguration;
			buildSettings = {
				ALWAYS_SEARCH_USER_PATHS = NO;
				CLANG_CXX_LANGUAGE_STANDARD = "gnu++0x";
				CLANG_CXX_LIBRARY = "libc++";
				CLANG_ENABLE_MODULES = YES;
				CLANG_ENABLE_OBJC_ARC = YES;
				CLANG_WARN_BOOL_CONVERSION = YES;
				CLANG_WARN_CONSTANT_CONVERSION = YES;
				CLANG_WARN_DIRECT_OBJC_ISA_USAGE = YES_ERROR;
				CLANG_WARN_EMPTY_BODY = YES;
				CLANG_WARN_ENUM_CONVERSION = YES;
				CLANG_WARN_INT_CONVERSION = YES;
				CLANG_WARN_OBJC_ROOT_CLASS = YES_ERROR;
				CLANG_WARN_UNREACHABLE_CODE = YES;
				CLANG_WARN__DUPLICATE_METHOD_MATCH = YES;
				"CODE_SIGN_IDENTITY[sdk=iphoneos*]" = "iPhone Developer";
				COPY_PHASE_STRIP = YES;
				ENABLE_NS_ASSERTIONS = NO;
				ENABLE_STRICT_OBJC_MSGSEND = YES;
				GCC_C_LANGUAGE_STANDARD = gnu99;
				GCC_WARN_64_TO_32_BIT_CONVERSION = YES;
				GCC_WARN_ABOUT_RETURN_TYPE = YES_ERROR;
				GCC_WARN_UNDECLARED_SELECTOR = YES;
				GCC_WARN_UNINITIALIZED_AUTOS = YES_AGGRESSIVE;
				GCC_WARN_UNUSED_FUNCTION = YES;
				GCC_WARN_UNUSED_VARIABLE = YES;
				IPHONEOS_DEPLOYMENT_TARGET = 8.0;
				MTL_ENABLE_DEBUG_INFO = NO;
				SDKROOT = iphoneos;
				VALIDATE_PRODUCT = YES;
			};
			name = Release;
		};
/* End XCBuildConfiguration section */

/* Begin XCConfigurationList section */
		00E357021AD99517003FC87E /* Build configuration list for PBXNativeTarget "AttenderTests" */ = {
			isa = XCConfigurationList;
			buildConfigurations = (
				00E356F61AD99517003FC87E /* Debug */,
				00E356F71AD99517003FC87E /* Release */,
			);
			defaultConfigurationIsVisible = 0;
			defaultConfigurationName = Release;
		};
		13B07F931A680F5B00A75B9A /* Build configuration list for PBXNativeTarget "Attender" */ = {
			isa = XCConfigurationList;
			buildConfigurations = (
				13B07F941A680F5B00A75B9A /* Debug */,
				13B07F951A680F5B00A75B9A /* Release */,
			);
			defaultConfigurationIsVisible = 0;
			defaultConfigurationName = Release;
		};
		83CBB9FA1A601CBA00E9B192 /* Build configuration list for PBXProject "Attender" */ = {
			isa = XCConfigurationList;
			buildConfigurations = (
				83CBBA201A601CBA00E9B192 /* Debug */,
				83CBBA211A601CBA00E9B192 /* Release */,
			);
			defaultConfigurationIsVisible = 0;
			defaultConfigurationName = Release;
		};
/* End XCConfigurationList section */
	};
	rootObject = 83CBB9F71A601CBA00E9B192 /* Project object */;
}
